// !$*UTF8*$!
{
	archiveVersion = 1;
	classes = {
	};
	objectVersion = 56;
	objects = {

/* Begin PBXBuildFile section */
		B30E83C1291EB10200A19724 /* ViewInspector in Frameworks */ = {isa = PBXBuildFile; productRef = B30E83C0291EB10200A19724 /* ViewInspector */; };
		B30E83C3291EB25100A19724 /* CreateRoutineUIIntegrationTests.swift in Sources */ = {isa = PBXBuildFile; fileRef = B30E83C2291EB25100A19724 /* CreateRoutineUIIntegrationTests.swift */; };
		B36890F62911F4B000E04957 /* LiftMeRoutinesiOS.framework in Frameworks */ = {isa = PBXBuildFile; fileRef = B36890F42911F4B000E04957 /* LiftMeRoutinesiOS.framework */; };
		B36890F72911F4B000E04957 /* LiftMeRoutinesiOS.framework in Embed Frameworks */ = {isa = PBXBuildFile; fileRef = B36890F42911F4B000E04957 /* LiftMeRoutinesiOS.framework */; settings = {ATTRIBUTES = (CodeSignOnCopy, RemoveHeadersOnCopy, ); }; };
		B36890F82911F4B000E04957 /* RoutineRepository.framework in Frameworks */ = {isa = PBXBuildFile; fileRef = B36890F52911F4B000E04957 /* RoutineRepository.framework */; };
		B36890F92911F4B000E04957 /* RoutineRepository.framework in Embed Frameworks */ = {isa = PBXBuildFile; fileRef = B36890F52911F4B000E04957 /* RoutineRepository.framework */; settings = {ATTRIBUTES = (CodeSignOnCopy, RemoveHeadersOnCopy, ); }; };
		B36891272913FB6000E04957 /* DispatchQueueMainDecorator.swift in Sources */ = {isa = PBXBuildFile; fileRef = B36891262913FB6000E04957 /* DispatchQueueMainDecorator.swift */; };
		B368912B2913FBA800E04957 /* RoutineUIComposer.swift in Sources */ = {isa = PBXBuildFile; fileRef = B368912A2913FBA800E04957 /* RoutineUIComposer.swift */; };
		B36891582914B5E700E04957 /* RoutineListUIIntegrationTests.swift in Sources */ = {isa = PBXBuildFile; fileRef = B36891572914B5E700E04957 /* RoutineListUIIntegrationTests.swift */; };
		B368915B2914B66100E04957 /* SharedTestHelpers.swift in Sources */ = {isa = PBXBuildFile; fileRef = B368915A2914B66100E04957 /* SharedTestHelpers.swift */; };
		B3A8548D2908D48300F04CC1 /* LiftMeAppApp.swift in Sources */ = {isa = PBXBuildFile; fileRef = B3A8548C2908D48300F04CC1 /* LiftMeAppApp.swift */; };
		B3A8548F2908D48300F04CC1 /* ContentView.swift in Sources */ = {isa = PBXBuildFile; fileRef = B3A8548E2908D48300F04CC1 /* ContentView.swift */; };
		B3A854912908D48400F04CC1 /* Assets.xcassets in Resources */ = {isa = PBXBuildFile; fileRef = B3A854902908D48400F04CC1 /* Assets.xcassets */; };
		B3A854942908D48400F04CC1 /* Preview Assets.xcassets in Resources */ = {isa = PBXBuildFile; fileRef = B3A854932908D48400F04CC1 /* Preview Assets.xcassets */; };
		B3F0E28F292FCB9800A5C506 /* RoutineNavigationViewModel.swift in Sources */ = {isa = PBXBuildFile; fileRef = B3F0E28E292FCB9800A5C506 /* RoutineNavigationViewModel.swift */; };
		B3F0E293292FCC9000A5C506 /* NavigationFlow in Frameworks */ = {isa = PBXBuildFile; productRef = B3F0E292292FCC9000A5C506 /* NavigationFlow */; };
/* End PBXBuildFile section */

/* Begin PBXContainerItemProxy section */
		B3A8549A2908D48500F04CC1 /* PBXContainerItemProxy */ = {
			isa = PBXContainerItemProxy;
			containerPortal = B3A854812908D48300F04CC1 /* Project object */;
			proxyType = 1;
			remoteGlobalIDString = B3A854882908D48300F04CC1;
			remoteInfo = LiftMeApp;
		};
/* End PBXContainerItemProxy section */

/* Begin PBXCopyFilesBuildPhase section */
		B36890FA2911F4B000E04957 /* Embed Frameworks */ = {
			isa = PBXCopyFilesBuildPhase;
			buildActionMask = 2147483647;
			dstPath = "";
			dstSubfolderSpec = 10;
			files = (
				B36890F72911F4B000E04957 /* LiftMeRoutinesiOS.framework in Embed Frameworks */,
				B36890F92911F4B000E04957 /* RoutineRepository.framework in Embed Frameworks */,
			);
			name = "Embed Frameworks";
			runOnlyForDeploymentPostprocessing = 0;
		};
/* End PBXCopyFilesBuildPhase section */

/* Begin PBXFileReference section */
		B30E83C2291EB25100A19724 /* CreateRoutineUIIntegrationTests.swift */ = {isa = PBXFileReference; lastKnownFileType = sourcecode.swift; path = CreateRoutineUIIntegrationTests.swift; sourceTree = "<group>"; };
		B36890F42911F4B000E04957 /* LiftMeRoutinesiOS.framework */ = {isa = PBXFileReference; explicitFileType = wrapper.framework; path = LiftMeRoutinesiOS.framework; sourceTree = BUILT_PRODUCTS_DIR; };
		B36890F52911F4B000E04957 /* RoutineRepository.framework */ = {isa = PBXFileReference; explicitFileType = wrapper.framework; path = RoutineRepository.framework; sourceTree = BUILT_PRODUCTS_DIR; };
		B36891262913FB6000E04957 /* DispatchQueueMainDecorator.swift */ = {isa = PBXFileReference; lastKnownFileType = sourcecode.swift; path = DispatchQueueMainDecorator.swift; sourceTree = "<group>"; };
		B368912A2913FBA800E04957 /* RoutineUIComposer.swift */ = {isa = PBXFileReference; lastKnownFileType = sourcecode.swift; path = RoutineUIComposer.swift; sourceTree = "<group>"; };
		B36891572914B5E700E04957 /* RoutineListUIIntegrationTests.swift */ = {isa = PBXFileReference; fileEncoding = 4; lastKnownFileType = sourcecode.swift; path = RoutineListUIIntegrationTests.swift; sourceTree = "<group>"; };
		B368915A2914B66100E04957 /* SharedTestHelpers.swift */ = {isa = PBXFileReference; lastKnownFileType = sourcecode.swift; path = SharedTestHelpers.swift; sourceTree = "<group>"; };
		B3A854892908D48300F04CC1 /* LiftMeApp.app */ = {isa = PBXFileReference; explicitFileType = wrapper.application; includeInIndex = 0; path = LiftMeApp.app; sourceTree = BUILT_PRODUCTS_DIR; };
		B3A8548C2908D48300F04CC1 /* LiftMeAppApp.swift */ = {isa = PBXFileReference; lastKnownFileType = sourcecode.swift; path = LiftMeAppApp.swift; sourceTree = "<group>"; };
		B3A8548E2908D48300F04CC1 /* ContentView.swift */ = {isa = PBXFileReference; lastKnownFileType = sourcecode.swift; path = ContentView.swift; sourceTree = "<group>"; };
		B3A854902908D48400F04CC1 /* Assets.xcassets */ = {isa = PBXFileReference; lastKnownFileType = folder.assetcatalog; path = Assets.xcassets; sourceTree = "<group>"; };
		B3A854932908D48400F04CC1 /* Preview Assets.xcassets */ = {isa = PBXFileReference; lastKnownFileType = folder.assetcatalog; path = "Preview Assets.xcassets"; sourceTree = "<group>"; };
		B3A854992908D48500F04CC1 /* LiftMeAppTests.xctest */ = {isa = PBXFileReference; explicitFileType = wrapper.cfbundle; includeInIndex = 0; path = LiftMeAppTests.xctest; sourceTree = BUILT_PRODUCTS_DIR; };
		B3F0E28E292FCB9800A5C506 /* RoutineNavigationViewModel.swift */ = {isa = PBXFileReference; lastKnownFileType = sourcecode.swift; path = RoutineNavigationViewModel.swift; sourceTree = "<group>"; };
/* End PBXFileReference section */

/* Begin PBXFrameworksBuildPhase section */
		B3A854862908D48300F04CC1 /* Frameworks */ = {
			isa = PBXFrameworksBuildPhase;
			buildActionMask = 2147483647;
			files = (
				B3F0E293292FCC9000A5C506 /* NavigationFlow in Frameworks */,
				B36890F62911F4B000E04957 /* LiftMeRoutinesiOS.framework in Frameworks */,
				B36890F82911F4B000E04957 /* RoutineRepository.framework in Frameworks */,
			);
			runOnlyForDeploymentPostprocessing = 0;
		};
		B3A854962908D48500F04CC1 /* Frameworks */ = {
			isa = PBXFrameworksBuildPhase;
			buildActionMask = 2147483647;
			files = (
				B30E83C1291EB10200A19724 /* ViewInspector in Frameworks */,
			);
			runOnlyForDeploymentPostprocessing = 0;
		};
/* End PBXFrameworksBuildPhase section */

/* Begin PBXGroup section */
		B34788062908DE3400F4C2A6 /* Frameworks */ = {
			isa = PBXGroup;
			children = (
				B36890F42911F4B000E04957 /* LiftMeRoutinesiOS.framework */,
				B36890F52911F4B000E04957 /* RoutineRepository.framework */,
			);
			name = Frameworks;
			sourceTree = "<group>";
		};
		B3A854802908D48300F04CC1 = {
			isa = PBXGroup;
			children = (
				B3A8548B2908D48300F04CC1 /* LiftMeApp */,
				B3A8549C2908D48500F04CC1 /* LiftMeAppTests */,
				B3A8548A2908D48300F04CC1 /* Products */,
				B34788062908DE3400F4C2A6 /* Frameworks */,
			);
			sourceTree = "<group>";
		};
		B3A8548A2908D48300F04CC1 /* Products */ = {
			isa = PBXGroup;
			children = (
				B3A854892908D48300F04CC1 /* LiftMeApp.app */,
				B3A854992908D48500F04CC1 /* LiftMeAppTests.xctest */,
			);
			name = Products;
			sourceTree = "<group>";
		};
		B3A8548B2908D48300F04CC1 /* LiftMeApp */ = {
			isa = PBXGroup;
			children = (
				B3A8548C2908D48300F04CC1 /* LiftMeAppApp.swift */,
				B36891262913FB6000E04957 /* DispatchQueueMainDecorator.swift */,
				B368912A2913FBA800E04957 /* RoutineUIComposer.swift */,
				B3F0E28E292FCB9800A5C506 /* RoutineNavigationViewModel.swift */,
				B3A8548E2908D48300F04CC1 /* ContentView.swift */,
				B3F0E290292FCBA100A5C506 /* Supporting Files */,
			);
			path = LiftMeApp;
			sourceTree = "<group>";
		};
		B3A854922908D48400F04CC1 /* Preview Content */ = {
			isa = PBXGroup;
			children = (
				B3A854932908D48400F04CC1 /* Preview Assets.xcassets */,
			);
			path = "Preview Content";
			sourceTree = "<group>";
		};
		B3A8549C2908D48500F04CC1 /* LiftMeAppTests */ = {
			isa = PBXGroup;
			children = (
				B368915A2914B66100E04957 /* SharedTestHelpers.swift */,
				B36891572914B5E700E04957 /* RoutineListUIIntegrationTests.swift */,
				B30E83C2291EB25100A19724 /* CreateRoutineUIIntegrationTests.swift */,
			);
			path = LiftMeAppTests;
			sourceTree = "<group>";
		};
		B3F0E290292FCBA100A5C506 /* Supporting Files */ = {
			isa = PBXGroup;
			children = (
				B3A854902908D48400F04CC1 /* Assets.xcassets */,
				B3A854922908D48400F04CC1 /* Preview Content */,
			);
			name = "Supporting Files";
			sourceTree = "<group>";
		};
/* End PBXGroup section */

/* Begin PBXNativeTarget section */
		B3A854882908D48300F04CC1 /* LiftMeApp */ = {
			isa = PBXNativeTarget;
			buildConfigurationList = B3A854AD2908D48500F04CC1 /* Build configuration list for PBXNativeTarget "LiftMeApp" */;
			buildPhases = (
				B3A854852908D48300F04CC1 /* Sources */,
				B3A854862908D48300F04CC1 /* Frameworks */,
				B3A854872908D48300F04CC1 /* Resources */,
				B36890FA2911F4B000E04957 /* Embed Frameworks */,
			);
			buildRules = (
			);
			dependencies = (
			);
			name = LiftMeApp;
			packageProductDependencies = (
				B3F0E292292FCC9000A5C506 /* NavigationFlow */,
			);
			productName = LiftMeApp;
			productReference = B3A854892908D48300F04CC1 /* LiftMeApp.app */;
			productType = "com.apple.product-type.application";
		};
		B3A854982908D48500F04CC1 /* LiftMeAppTests */ = {
			isa = PBXNativeTarget;
			buildConfigurationList = B3A854B02908D48500F04CC1 /* Build configuration list for PBXNativeTarget "LiftMeAppTests" */;
			buildPhases = (
				B3A854952908D48500F04CC1 /* Sources */,
				B3A854962908D48500F04CC1 /* Frameworks */,
				B3A854972908D48500F04CC1 /* Resources */,
			);
			buildRules = (
			);
			dependencies = (
				B3A8549B2908D48500F04CC1 /* PBXTargetDependency */,
			);
			name = LiftMeAppTests;
			packageProductDependencies = (
				B30E83C0291EB10200A19724 /* ViewInspector */,
			);
			productName = LiftMeAppTests;
			productReference = B3A854992908D48500F04CC1 /* LiftMeAppTests.xctest */;
			productType = "com.apple.product-type.bundle.unit-test";
		};
/* End PBXNativeTarget section */

/* Begin PBXProject section */
		B3A854812908D48300F04CC1 /* Project object */ = {
			isa = PBXProject;
			attributes = {
				BuildIndependentTargetsInParallel = 1;
				LastSwiftUpdateCheck = 1410;
				LastUpgradeCheck = 1410;
				TargetAttributes = {
					B3A854882908D48300F04CC1 = {
						CreatedOnToolsVersion = 14.1;
					};
					B3A854982908D48500F04CC1 = {
						CreatedOnToolsVersion = 14.1;
						TestTargetID = B3A854882908D48300F04CC1;
					};
				};
			};
			buildConfigurationList = B3A854842908D48300F04CC1 /* Build configuration list for PBXProject "LiftMeApp" */;
			compatibilityVersion = "Xcode 14.0";
			developmentRegion = en;
			hasScannedForEncodings = 0;
			knownRegions = (
				en,
				Base,
			);
			mainGroup = B3A854802908D48300F04CC1;
			packageReferences = (
				B30E83BF291EB10200A19724 /* XCRemoteSwiftPackageReference "ViewInspector" */,
				B3F0E291292FCC9000A5C506 /* XCRemoteSwiftPackageReference "navigation-flow" */,
			);
			productRefGroup = B3A8548A2908D48300F04CC1 /* Products */;
			projectDirPath = "";
			projectRoot = "";
			targets = (
				B3A854882908D48300F04CC1 /* LiftMeApp */,
				B3A854982908D48500F04CC1 /* LiftMeAppTests */,
			);
		};
/* End PBXProject section */

/* Begin PBXResourcesBuildPhase section */
		B3A854872908D48300F04CC1 /* Resources */ = {
			isa = PBXResourcesBuildPhase;
			buildActionMask = 2147483647;
			files = (
				B3A854942908D48400F04CC1 /* Preview Assets.xcassets in Resources */,
				B3A854912908D48400F04CC1 /* Assets.xcassets in Resources */,
			);
			runOnlyForDeploymentPostprocessing = 0;
		};
		B3A854972908D48500F04CC1 /* Resources */ = {
			isa = PBXResourcesBuildPhase;
			buildActionMask = 2147483647;
			files = (
			);
			runOnlyForDeploymentPostprocessing = 0;
		};
/* End PBXResourcesBuildPhase section */

/* Begin PBXSourcesBuildPhase section */
		B3A854852908D48300F04CC1 /* Sources */ = {
			isa = PBXSourcesBuildPhase;
			buildActionMask = 2147483647;
			files = (
				B3F0E28F292FCB9800A5C506 /* RoutineNavigationViewModel.swift in Sources */,
				B3A8548F2908D48300F04CC1 /* ContentView.swift in Sources */,
				B3A8548D2908D48300F04CC1 /* LiftMeAppApp.swift in Sources */,
				B368912B2913FBA800E04957 /* RoutineUIComposer.swift in Sources */,
				B36891272913FB6000E04957 /* DispatchQueueMainDecorator.swift in Sources */,
			);
			runOnlyForDeploymentPostprocessing = 0;
		};
		B3A854952908D48500F04CC1 /* Sources */ = {
			isa = PBXSourcesBuildPhase;
			buildActionMask = 2147483647;
			files = (
				B368915B2914B66100E04957 /* SharedTestHelpers.swift in Sources */,
				B30E83C3291EB25100A19724 /* CreateRoutineUIIntegrationTests.swift in Sources */,
				B36891582914B5E700E04957 /* RoutineListUIIntegrationTests.swift in Sources */,
			);
			runOnlyForDeploymentPostprocessing = 0;
		};
/* End PBXSourcesBuildPhase section */

/* Begin PBXTargetDependency section */
		B3A8549B2908D48500F04CC1 /* PBXTargetDependency */ = {
			isa = PBXTargetDependency;
			target = B3A854882908D48300F04CC1 /* LiftMeApp */;
			targetProxy = B3A8549A2908D48500F04CC1 /* PBXContainerItemProxy */;
		};
/* End PBXTargetDependency section */

/* Begin XCBuildConfiguration section */
		B3A854AB2908D48500F04CC1 /* Debug */ = {
			isa = XCBuildConfiguration;
			buildSettings = {
				ALWAYS_SEARCH_USER_PATHS = NO;
				CLANG_ANALYZER_NONNULL = YES;
				CLANG_ANALYZER_NUMBER_OBJECT_CONVERSION = YES_AGGRESSIVE;
				CLANG_CXX_LANGUAGE_STANDARD = "gnu++20";
				CLANG_ENABLE_MODULES = YES;
				CLANG_ENABLE_OBJC_ARC = YES;
				CLANG_ENABLE_OBJC_WEAK = YES;
				CLANG_WARN_BLOCK_CAPTURE_AUTORELEASING = YES;
				CLANG_WARN_BOOL_CONVERSION = YES;
				CLANG_WARN_COMMA = YES;
				CLANG_WARN_CONSTANT_CONVERSION = YES;
				CLANG_WARN_DEPRECATED_OBJC_IMPLEMENTATIONS = YES;
				CLANG_WARN_DIRECT_OBJC_ISA_USAGE = YES_ERROR;
				CLANG_WARN_DOCUMENTATION_COMMENTS = YES;
				CLANG_WARN_EMPTY_BODY = YES;
				CLANG_WARN_ENUM_CONVERSION = YES;
				CLANG_WARN_INFINITE_RECURSION = YES;
				CLANG_WARN_INT_CONVERSION = YES;
				CLANG_WARN_NON_LITERAL_NULL_CONVERSION = YES;
				CLANG_WARN_OBJC_IMPLICIT_RETAIN_SELF = YES;
				CLANG_WARN_OBJC_LITERAL_CONVERSION = YES;
				CLANG_WARN_OBJC_ROOT_CLASS = YES_ERROR;
				CLANG_WARN_QUOTED_INCLUDE_IN_FRAMEWORK_HEADER = YES;
				CLANG_WARN_RANGE_LOOP_ANALYSIS = YES;
				CLANG_WARN_STRICT_PROTOTYPES = YES;
				CLANG_WARN_SUSPICIOUS_MOVE = YES;
				CLANG_WARN_UNGUARDED_AVAILABILITY = YES_AGGRESSIVE;
				CLANG_WARN_UNREACHABLE_CODE = YES;
				CLANG_WARN__DUPLICATE_METHOD_MATCH = YES;
				COPY_PHASE_STRIP = NO;
				DEBUG_INFORMATION_FORMAT = dwarf;
				ENABLE_STRICT_OBJC_MSGSEND = YES;
				ENABLE_TESTABILITY = YES;
				GCC_C_LANGUAGE_STANDARD = gnu11;
				GCC_DYNAMIC_NO_PIC = NO;
				GCC_NO_COMMON_BLOCKS = YES;
				GCC_OPTIMIZATION_LEVEL = 0;
				GCC_PREPROCESSOR_DEFINITIONS = (
					"DEBUG=1",
					"$(inherited)",
				);
				GCC_WARN_64_TO_32_BIT_CONVERSION = YES;
				GCC_WARN_ABOUT_RETURN_TYPE = YES_ERROR;
				GCC_WARN_UNDECLARED_SELECTOR = YES;
				GCC_WARN_UNINITIALIZED_AUTOS = YES_AGGRESSIVE;
				GCC_WARN_UNUSED_FUNCTION = YES;
				GCC_WARN_UNUSED_VARIABLE = YES;
				IPHONEOS_DEPLOYMENT_TARGET = 16.1;
				MTL_ENABLE_DEBUG_INFO = INCLUDE_SOURCE;
				MTL_FAST_MATH = YES;
				ONLY_ACTIVE_ARCH = YES;
				SDKROOT = iphoneos;
				SWIFT_ACTIVE_COMPILATION_CONDITIONS = DEBUG;
				SWIFT_OPTIMIZATION_LEVEL = "-Onone";
			};
			name = Debug;
		};
		B3A854AC2908D48500F04CC1 /* Release */ = {
			isa = XCBuildConfiguration;
			buildSettings = {
				ALWAYS_SEARCH_USER_PATHS = NO;
				CLANG_ANALYZER_NONNULL = YES;
				CLANG_ANALYZER_NUMBER_OBJECT_CONVERSION = YES_AGGRESSIVE;
				CLANG_CXX_LANGUAGE_STANDARD = "gnu++20";
				CLANG_ENABLE_MODULES = YES;
				CLANG_ENABLE_OBJC_ARC = YES;
				CLANG_ENABLE_OBJC_WEAK = YES;
				CLANG_WARN_BLOCK_CAPTURE_AUTORELEASING = YES;
				CLANG_WARN_BOOL_CONVERSION = YES;
				CLANG_WARN_COMMA = YES;
				CLANG_WARN_CONSTANT_CONVERSION = YES;
				CLANG_WARN_DEPRECATED_OBJC_IMPLEMENTATIONS = YES;
				CLANG_WARN_DIRECT_OBJC_ISA_USAGE = YES_ERROR;
				CLANG_WARN_DOCUMENTATION_COMMENTS = YES;
				CLANG_WARN_EMPTY_BODY = YES;
				CLANG_WARN_ENUM_CONVERSION = YES;
				CLANG_WARN_INFINITE_RECURSION = YES;
				CLANG_WARN_INT_CONVERSION = YES;
				CLANG_WARN_NON_LITERAL_NULL_CONVERSION = YES;
				CLANG_WARN_OBJC_IMPLICIT_RETAIN_SELF = YES;
				CLANG_WARN_OBJC_LITERAL_CONVERSION = YES;
				CLANG_WARN_OBJC_ROOT_CLASS = YES_ERROR;
				CLANG_WARN_QUOTED_INCLUDE_IN_FRAMEWORK_HEADER = YES;
				CLANG_WARN_RANGE_LOOP_ANALYSIS = YES;
				CLANG_WARN_STRICT_PROTOTYPES = YES;
				CLANG_WARN_SUSPICIOUS_MOVE = YES;
				CLANG_WARN_UNGUARDED_AVAILABILITY = YES_AGGRESSIVE;
				CLANG_WARN_UNREACHABLE_CODE = YES;
				CLANG_WARN__DUPLICATE_METHOD_MATCH = YES;
				COPY_PHASE_STRIP = NO;
				DEBUG_INFORMATION_FORMAT = "dwarf-with-dsym";
				ENABLE_NS_ASSERTIONS = NO;
				ENABLE_STRICT_OBJC_MSGSEND = YES;
				GCC_C_LANGUAGE_STANDARD = gnu11;
				GCC_NO_COMMON_BLOCKS = YES;
				GCC_WARN_64_TO_32_BIT_CONVERSION = YES;
				GCC_WARN_ABOUT_RETURN_TYPE = YES_ERROR;
				GCC_WARN_UNDECLARED_SELECTOR = YES;
				GCC_WARN_UNINITIALIZED_AUTOS = YES_AGGRESSIVE;
				GCC_WARN_UNUSED_FUNCTION = YES;
				GCC_WARN_UNUSED_VARIABLE = YES;
				IPHONEOS_DEPLOYMENT_TARGET = 16.1;
				MTL_ENABLE_DEBUG_INFO = NO;
				MTL_FAST_MATH = YES;
				SDKROOT = iphoneos;
				SWIFT_COMPILATION_MODE = wholemodule;
				SWIFT_OPTIMIZATION_LEVEL = "-O";
				VALIDATE_PRODUCT = YES;
			};
			name = Release;
		};
		B3A854AE2908D48500F04CC1 /* Debug */ = {
			isa = XCBuildConfiguration;
			buildSettings = {
				ASSETCATALOG_COMPILER_APPICON_NAME = AppIcon;
				ASSETCATALOG_COMPILER_GLOBAL_ACCENT_COLOR_NAME = AccentColor;
				CODE_SIGN_STYLE = Automatic;
				CURRENT_PROJECT_VERSION = 1;
				DEVELOPMENT_ASSET_PATHS = "\"LiftMeApp/Preview Content\"";
				DEVELOPMENT_TEAM = RXL7292WR8;
				ENABLE_PREVIEWS = YES;
				GENERATE_INFOPLIST_FILE = YES;
				INFOPLIST_KEY_UIApplicationSceneManifest_Generation = YES;
				INFOPLIST_KEY_UIApplicationSupportsIndirectInputEvents = YES;
				INFOPLIST_KEY_UILaunchScreen_Generation = YES;
				INFOPLIST_KEY_UISupportedInterfaceOrientations = UIInterfaceOrientationPortrait;
				LD_RUNPATH_SEARCH_PATHS = (
					"$(inherited)",
					"@executable_path/Frameworks",
				);
				MARKETING_VERSION = 1.0;
				PRODUCT_BUNDLE_IDENTIFIER = com.boycees.LiftMeApp;
				PRODUCT_NAME = "$(TARGET_NAME)";
				SWIFT_EMIT_LOC_STRINGS = YES;
				SWIFT_VERSION = 5.0;
				TARGETED_DEVICE_FAMILY = "1,2";
			};
			name = Debug;
		};
		B3A854AF2908D48500F04CC1 /* Release */ = {
			isa = XCBuildConfiguration;
			buildSettings = {
				ASSETCATALOG_COMPILER_APPICON_NAME = AppIcon;
				ASSETCATALOG_COMPILER_GLOBAL_ACCENT_COLOR_NAME = AccentColor;
				CODE_SIGN_STYLE = Automatic;
				CURRENT_PROJECT_VERSION = 1;
				DEVELOPMENT_ASSET_PATHS = "\"LiftMeApp/Preview Content\"";
				DEVELOPMENT_TEAM = RXL7292WR8;
				ENABLE_PREVIEWS = YES;
				GENERATE_INFOPLIST_FILE = YES;
				INFOPLIST_KEY_UIApplicationSceneManifest_Generation = YES;
				INFOPLIST_KEY_UIApplicationSupportsIndirectInputEvents = YES;
				INFOPLIST_KEY_UILaunchScreen_Generation = YES;
				INFOPLIST_KEY_UISupportedInterfaceOrientations = UIInterfaceOrientationPortrait;
				LD_RUNPATH_SEARCH_PATHS = (
					"$(inherited)",
					"@executable_path/Frameworks",
				);
				MARKETING_VERSION = 1.0;
				PRODUCT_BUNDLE_IDENTIFIER = com.boycees.LiftMeApp;
				PRODUCT_NAME = "$(TARGET_NAME)";
				SWIFT_EMIT_LOC_STRINGS = YES;
				SWIFT_VERSION = 5.0;
				TARGETED_DEVICE_FAMILY = "1,2";
			};
			name = Release;
		};
		B3A854B12908D48500F04CC1 /* Debug */ = {
			isa = XCBuildConfiguration;
			buildSettings = {
				ALWAYS_EMBED_SWIFT_STANDARD_LIBRARIES = YES;
				BUNDLE_LOADER = "$(TEST_HOST)";
				CODE_SIGN_STYLE = Automatic;
				CURRENT_PROJECT_VERSION = 1;
				DEVELOPMENT_TEAM = RXL7292WR8;
				GENERATE_INFOPLIST_FILE = YES;
				IPHONEOS_DEPLOYMENT_TARGET = 16.1;
				MARKETING_VERSION = 1.0;
				PRODUCT_BUNDLE_IDENTIFIER = com.boycees.LiftMeAppTests;
				PRODUCT_NAME = "$(TARGET_NAME)";
				SWIFT_EMIT_LOC_STRINGS = NO;
				SWIFT_VERSION = 5.0;
				TARGETED_DEVICE_FAMILY = "1,2";
				TEST_HOST = "$(BUILT_PRODUCTS_DIR)/LiftMeApp.app/$(BUNDLE_EXECUTABLE_FOLDER_PATH)/LiftMeApp";
			};
			name = Debug;
		};
		B3A854B22908D48500F04CC1 /* Release */ = {
			isa = XCBuildConfiguration;
			buildSettings = {
				ALWAYS_EMBED_SWIFT_STANDARD_LIBRARIES = YES;
				BUNDLE_LOADER = "$(TEST_HOST)";
				CODE_SIGN_STYLE = Automatic;
				CURRENT_PROJECT_VERSION = 1;
				DEVELOPMENT_TEAM = RXL7292WR8;
				GENERATE_INFOPLIST_FILE = YES;
				IPHONEOS_DEPLOYMENT_TARGET = 16.1;
				MARKETING_VERSION = 1.0;
				PRODUCT_BUNDLE_IDENTIFIER = com.boycees.LiftMeAppTests;
				PRODUCT_NAME = "$(TARGET_NAME)";
				SWIFT_EMIT_LOC_STRINGS = NO;
				SWIFT_VERSION = 5.0;
				TARGETED_DEVICE_FAMILY = "1,2";
				TEST_HOST = "$(BUILT_PRODUCTS_DIR)/LiftMeApp.app/$(BUNDLE_EXECUTABLE_FOLDER_PATH)/LiftMeApp";
			};
			name = Release;
		};
/* End XCBuildConfiguration section */

/* Begin XCConfigurationList section */
		B3A854842908D48300F04CC1 /* Build configuration list for PBXProject "LiftMeApp" */ = {
			isa = XCConfigurationList;
			buildConfigurations = (
				B3A854AB2908D48500F04CC1 /* Debug */,
				B3A854AC2908D48500F04CC1 /* Release */,
			);
			defaultConfigurationIsVisible = 0;
			defaultConfigurationName = Release;
		};
		B3A854AD2908D48500F04CC1 /* Build configuration list for PBXNativeTarget "LiftMeApp" */ = {
			isa = XCConfigurationList;
			buildConfigurations = (
				B3A854AE2908D48500F04CC1 /* Debug */,
				B3A854AF2908D48500F04CC1 /* Release */,
			);
			defaultConfigurationIsVisible = 0;
			defaultConfigurationName = Release;
		};
		B3A854B02908D48500F04CC1 /* Build configuration list for PBXNativeTarget "LiftMeAppTests" */ = {
			isa = XCConfigurationList;
			buildConfigurations = (
				B3A854B12908D48500F04CC1 /* Debug */,
				B3A854B22908D48500F04CC1 /* Release */,
			);
			defaultConfigurationIsVisible = 0;
			defaultConfigurationName = Release;
		};
/* End XCConfigurationList section */

/* Begin XCRemoteSwiftPackageReference section */
		B30E83BF291EB10200A19724 /* XCRemoteSwiftPackageReference "ViewInspector" */ = {
			isa = XCRemoteSwiftPackageReference;
			repositoryURL = "https://github.com/nalexn/ViewInspector";
			requirement = {
				kind = upToNextMajorVersion;
				minimumVersion = 0.9.2;
			};
		};
		B3F0E291292FCC9000A5C506 /* XCRemoteSwiftPackageReference "navigation-flow" */ = {
			isa = XCRemoteSwiftPackageReference;
			repositoryURL = "https://github.com/boyceEstes/navigation-flow.git";
			requirement = {
				branch = main;
				kind = branch;
			};
		};
/* End XCRemoteSwiftPackageReference section */

/* Begin XCSwiftPackageProductDependency section */
		B30E83C0291EB10200A19724 /* ViewInspector */ = {
			isa = XCSwiftPackageProductDependency;
			package = B30E83BF291EB10200A19724 /* XCRemoteSwiftPackageReference "ViewInspector" */;
			productName = ViewInspector;
		};
		B3F0E292292FCC9000A5C506 /* NavigationFlow */ = {
			isa = XCSwiftPackageProductDependency;
			package = B3F0E291292FCC9000A5C506 /* XCRemoteSwiftPackageReference "navigation-flow" */;
			productName = NavigationFlow;
		};
/* End XCSwiftPackageProductDependency section */
	};
	rootObject = B3A854812908D48300F04CC1 /* Project object */;
}
