// !$*UTF8*$!
{
	archiveVersion = 1;
	classes = {
	};
	objectVersion = 55;
	objects = {

/* Begin PBXBuildFile section */
		B30E83C5291EB36B00A19724 /* CreateRoutineView.swift in Sources */ = {isa = PBXBuildFile; fileRef = B30E83C4291EB36B00A19724 /* CreateRoutineView.swift */; };
		B313A4412901805B00740E61 /* SharedTestHelpers.swift in Sources */ = {isa = PBXBuildFile; fileRef = B3D29C6228F517EA006CC77D /* SharedTestHelpers.swift */; };
		B32CADF028FEF53D00B154BD /* RoutineRepositoryCacheIntegrationTests.swift in Sources */ = {isa = PBXBuildFile; fileRef = B32CADEF28FEF53D00B154BD /* RoutineRepositoryCacheIntegrationTests.swift */; };
		B32CADF128FEF53D00B154BD /* RoutineRepository.framework in Frameworks */ = {isa = PBXBuildFile; fileRef = B3D29BDD28F12746006CC77D /* RoutineRepository.framework */; };
		B32CADF728FEFC6100B154BD /* XCTestCase+TrackForMemoryLeaks.swift in Sources */ = {isa = PBXBuildFile; fileRef = B3D29C3A28F5041B006CC77D /* XCTestCase+TrackForMemoryLeaks.swift */; };
		B32CADF928FEFF2800B154BD /* SharedTestHelpers.swift in Sources */ = {isa = PBXBuildFile; fileRef = B3D29C6228F517EA006CC77D /* SharedTestHelpers.swift */; };
		B32CAE0328FF4A2F00B154BD /* LiftMeRoutinesiOS.docc in Sources */ = {isa = PBXBuildFile; fileRef = B32CAE0228FF4A2F00B154BD /* LiftMeRoutinesiOS.docc */; };
		B32CAE0928FF4A2F00B154BD /* LiftMeRoutinesiOS.framework in Frameworks */ = {isa = PBXBuildFile; fileRef = B32CADFF28FF4A2F00B154BD /* LiftMeRoutinesiOS.framework */; };
		B32CAE0F28FF4A2F00B154BD /* LiftMeRoutinesiOS.h in Headers */ = {isa = PBXBuildFile; fileRef = B32CAE0128FF4A2F00B154BD /* LiftMeRoutinesiOS.h */; settings = {ATTRIBUTES = (Public, ); }; };
		B32CAE1928FF915D00B154BD /* XCTestCase+TrackForMemoryLeaks.swift in Sources */ = {isa = PBXBuildFile; fileRef = B3D29C3A28F5041B006CC77D /* XCTestCase+TrackForMemoryLeaks.swift */; };
		B34588B0290617BA006ED45C /* RoutineListView.swift in Sources */ = {isa = PBXBuildFile; fileRef = B34588AF290617BA006ED45C /* RoutineListView.swift */; };
		B34588B2290617ED006ED45C /* Inspection.swift in Sources */ = {isa = PBXBuildFile; fileRef = B34588B1290617ED006ED45C /* Inspection.swift */; };
		B34588B429061BF0006ED45C /* UIColor+LiftMeThemeColors.swift in Sources */ = {isa = PBXBuildFile; fileRef = B34588B329061BF0006ED45C /* UIColor+LiftMeThemeColors.swift */; };
		B34588B629061C2B006ED45C /* Color+LiftMeThemeColors.swift in Sources */ = {isa = PBXBuildFile; fileRef = B34588B529061C2B006ED45C /* Color+LiftMeThemeColors.swift */; };
		B3AF3F4A28FA389000549473 /* CoreDataRoutineStore.swift in Sources */ = {isa = PBXBuildFile; fileRef = B3AF3F4928FA389000549473 /* CoreDataRoutineStore.swift */; };
		B3D29BE228F12746006CC77D /* RoutineRepository.docc in Sources */ = {isa = PBXBuildFile; fileRef = B3D29BE128F12746006CC77D /* RoutineRepository.docc */; };
		B3D29BEE28F12746006CC77D /* RoutineRepository.h in Headers */ = {isa = PBXBuildFile; fileRef = B3D29BE028F12746006CC77D /* RoutineRepository.h */; settings = {ATTRIBUTES = (Public, ); }; };
		B3D29C0128F1EDB4006CC77D /* Routine.swift in Sources */ = {isa = PBXBuildFile; fileRef = B3D29C0028F1EDB4006CC77D /* Routine.swift */; };
		B3D29C0428F1EDFA006CC77D /* RoutineRecord.swift in Sources */ = {isa = PBXBuildFile; fileRef = B3D29C0328F1EDFA006CC77D /* RoutineRecord.swift */; };
		B3D29C0628F1EE3B006CC77D /* Exercise.swift in Sources */ = {isa = PBXBuildFile; fileRef = B3D29C0528F1EE3B006CC77D /* Exercise.swift */; };
		B3D29C0828F1EE92006CC77D /* ExerciseRecord.swift in Sources */ = {isa = PBXBuildFile; fileRef = B3D29C0728F1EE92006CC77D /* ExerciseRecord.swift */; };
		B3D29C0A28F1EEED006CC77D /* SetRecord.swift in Sources */ = {isa = PBXBuildFile; fileRef = B3D29C0928F1EEED006CC77D /* SetRecord.swift */; };
		B3D29C0C28F1EF4F006CC77D /* Tag.swift in Sources */ = {isa = PBXBuildFile; fileRef = B3D29C0B28F1EF4F006CC77D /* Tag.swift */; };
		B3D29C0E28F1F077006CC77D /* RoutineRepository.swift in Sources */ = {isa = PBXBuildFile; fileRef = B3D29C0D28F1F077006CC77D /* RoutineRepository.swift */; };
		B3D29C1728F4FA3B006CC77D /* LocalRoutine.swift in Sources */ = {isa = PBXBuildFile; fileRef = B3D29C1628F4FA3B006CC77D /* LocalRoutine.swift */; };
		B3D29C1928F4FA5B006CC77D /* LocalRoutineRecord.swift in Sources */ = {isa = PBXBuildFile; fileRef = B3D29C1828F4FA5B006CC77D /* LocalRoutineRecord.swift */; };
		B3D29C1B28F4FA67006CC77D /* LocalExercise.swift in Sources */ = {isa = PBXBuildFile; fileRef = B3D29C1A28F4FA67006CC77D /* LocalExercise.swift */; };
		B3D29C1D28F4FA76006CC77D /* LocalExerciseRecord.swift in Sources */ = {isa = PBXBuildFile; fileRef = B3D29C1C28F4FA76006CC77D /* LocalExerciseRecord.swift */; };
		B3D29C1F28F4FA86006CC77D /* LocalSetRecord.swift in Sources */ = {isa = PBXBuildFile; fileRef = B3D29C1E28F4FA86006CC77D /* LocalSetRecord.swift */; };
		B3D29C2128F4FA95006CC77D /* LocalTag.swift in Sources */ = {isa = PBXBuildFile; fileRef = B3D29C2028F4FA95006CC77D /* LocalTag.swift */; };
		B3D29C2328F4FAC8006CC77D /* LocalRoutineRepository.swift in Sources */ = {isa = PBXBuildFile; fileRef = B3D29C2228F4FAC8006CC77D /* LocalRoutineRepository.swift */; };
		B3D29C2528F4FB34006CC77D /* RoutineStore.swift in Sources */ = {isa = PBXBuildFile; fileRef = B3D29C2428F4FB34006CC77D /* RoutineStore.swift */; };
		B3D29C3028F50236006CC77D /* RoutineRepository.framework in Frameworks */ = {isa = PBXBuildFile; fileRef = B3D29BDD28F12746006CC77D /* RoutineRepository.framework */; };
		B3D29C3728F502C7006CC77D /* SaveRoutineUseCaseTests.swift in Sources */ = {isa = PBXBuildFile; fileRef = B3D29C3628F502C7006CC77D /* SaveRoutineUseCaseTests.swift */; };
		B3D29C3928F503B7006CC77D /* RoutineStoreSpy.swift in Sources */ = {isa = PBXBuildFile; fileRef = B3D29C3828F503B7006CC77D /* RoutineStoreSpy.swift */; };
		B3D29C3B28F5041B006CC77D /* XCTestCase+TrackForMemoryLeaks.swift in Sources */ = {isa = PBXBuildFile; fileRef = B3D29C3A28F5041B006CC77D /* XCTestCase+TrackForMemoryLeaks.swift */; };
		B3D29C6128F515F7006CC77D /* LoadAllRoutinesUseCaseTests.swift in Sources */ = {isa = PBXBuildFile; fileRef = B3D29C6028F515F7006CC77D /* LoadAllRoutinesUseCaseTests.swift */; };
		B3D29C6328F517EA006CC77D /* SharedTestHelpers.swift in Sources */ = {isa = PBXBuildFile; fileRef = B3D29C6228F517EA006CC77D /* SharedTestHelpers.swift */; };
		B3D29C6728F66B73006CC77D /* CoreDataRoutineStoreTests.swift in Sources */ = {isa = PBXBuildFile; fileRef = B3D29C6628F66B73006CC77D /* CoreDataRoutineStoreTests.swift */; };
		B3D29C6A28F71A3F006CC77D /* RoutineStore.xcdatamodeld in Sources */ = {isa = PBXBuildFile; fileRef = B3D29C6828F71A3F006CC77D /* RoutineStore.xcdatamodeld */; };
		B3D29C6D28F7B787006CC77D /* RoutineStore.xcdatamodeld in Sources */ = {isa = PBXBuildFile; fileRef = B3D29C6828F71A3F006CC77D /* RoutineStore.xcdatamodeld */; };
		B3D29C7028F86C16006CC77D /* ManagedRoutine.swift in Sources */ = {isa = PBXBuildFile; fileRef = B3D29C6E28F86C16006CC77D /* ManagedRoutine.swift */; };
		B3D29C7528F879DC006CC77D /* ManagedRoutineRecord.swift in Sources */ = {isa = PBXBuildFile; fileRef = B3D29C7328F879DC006CC77D /* ManagedRoutineRecord.swift */; };
/* End PBXBuildFile section */

/* Begin PBXContainerItemProxy section */
		B32CADF228FEF53D00B154BD /* PBXContainerItemProxy */ = {
			isa = PBXContainerItemProxy;
			containerPortal = B3D29BD428F12746006CC77D /* Project object */;
			proxyType = 1;
			remoteGlobalIDString = B3D29BDC28F12746006CC77D;
			remoteInfo = RoutineRepository;
		};
		B32CAE0A28FF4A2F00B154BD /* PBXContainerItemProxy */ = {
			isa = PBXContainerItemProxy;
			containerPortal = B3D29BD428F12746006CC77D /* Project object */;
			proxyType = 1;
			remoteGlobalIDString = B32CADFE28FF4A2F00B154BD;
			remoteInfo = LiftMeRoutinesiOS;
		};
		B3D29C3128F50236006CC77D /* PBXContainerItemProxy */ = {
			isa = PBXContainerItemProxy;
			containerPortal = B3D29BD428F12746006CC77D /* Project object */;
			proxyType = 1;
			remoteGlobalIDString = B3D29BDC28F12746006CC77D;
			remoteInfo = RoutineRepository;
		};
/* End PBXContainerItemProxy section */

/* Begin PBXFileReference section */
		B30E83C4291EB36B00A19724 /* CreateRoutineView.swift */ = {isa = PBXFileReference; lastKnownFileType = sourcecode.swift; path = CreateRoutineView.swift; sourceTree = "<group>"; };
		B32CADED28FEF53D00B154BD /* RoutineRepositoryCacheIntegrationTests.xctest */ = {isa = PBXFileReference; explicitFileType = wrapper.cfbundle; includeInIndex = 0; path = RoutineRepositoryCacheIntegrationTests.xctest; sourceTree = BUILT_PRODUCTS_DIR; };
		B32CADEF28FEF53D00B154BD /* RoutineRepositoryCacheIntegrationTests.swift */ = {isa = PBXFileReference; lastKnownFileType = sourcecode.swift; path = RoutineRepositoryCacheIntegrationTests.swift; sourceTree = "<group>"; };
		B32CADFF28FF4A2F00B154BD /* LiftMeRoutinesiOS.framework */ = {isa = PBXFileReference; explicitFileType = wrapper.framework; includeInIndex = 0; path = LiftMeRoutinesiOS.framework; sourceTree = BUILT_PRODUCTS_DIR; };
		B32CAE0128FF4A2F00B154BD /* LiftMeRoutinesiOS.h */ = {isa = PBXFileReference; lastKnownFileType = sourcecode.c.h; path = LiftMeRoutinesiOS.h; sourceTree = "<group>"; };
		B32CAE0228FF4A2F00B154BD /* LiftMeRoutinesiOS.docc */ = {isa = PBXFileReference; lastKnownFileType = folder.documentationcatalog; path = LiftMeRoutinesiOS.docc; sourceTree = "<group>"; };
		B32CAE0828FF4A2F00B154BD /* LiftMeRoutinesiOSTests.xctest */ = {isa = PBXFileReference; explicitFileType = wrapper.cfbundle; includeInIndex = 0; path = LiftMeRoutinesiOSTests.xctest; sourceTree = BUILT_PRODUCTS_DIR; };
		B34588AF290617BA006ED45C /* RoutineListView.swift */ = {isa = PBXFileReference; lastKnownFileType = sourcecode.swift; path = RoutineListView.swift; sourceTree = "<group>"; };
		B34588B1290617ED006ED45C /* Inspection.swift */ = {isa = PBXFileReference; lastKnownFileType = sourcecode.swift; path = Inspection.swift; sourceTree = "<group>"; };
		B34588B329061BF0006ED45C /* UIColor+LiftMeThemeColors.swift */ = {isa = PBXFileReference; lastKnownFileType = sourcecode.swift; path = "UIColor+LiftMeThemeColors.swift"; sourceTree = "<group>"; };
		B34588B529061C2B006ED45C /* Color+LiftMeThemeColors.swift */ = {isa = PBXFileReference; lastKnownFileType = sourcecode.swift; path = "Color+LiftMeThemeColors.swift"; sourceTree = "<group>"; };
		B36891592914B65E00E04957 /* SharedTestHelpers.swift */ = {isa = PBXFileReference; lastKnownFileType = sourcecode.swift; name = SharedTestHelpers.swift; path = ../LiftMeApp/LiftMeAppTests/SharedTestHelpers.swift; sourceTree = "<group>"; };
		B3AF3F4928FA389000549473 /* CoreDataRoutineStore.swift */ = {isa = PBXFileReference; lastKnownFileType = sourcecode.swift; path = CoreDataRoutineStore.swift; sourceTree = "<group>"; };
		B3D29BDD28F12746006CC77D /* RoutineRepository.framework */ = {isa = PBXFileReference; explicitFileType = wrapper.framework; includeInIndex = 0; path = RoutineRepository.framework; sourceTree = BUILT_PRODUCTS_DIR; };
		B3D29BE028F12746006CC77D /* RoutineRepository.h */ = {isa = PBXFileReference; lastKnownFileType = sourcecode.c.h; path = RoutineRepository.h; sourceTree = "<group>"; };
		B3D29BE128F12746006CC77D /* RoutineRepository.docc */ = {isa = PBXFileReference; lastKnownFileType = folder.documentationcatalog; path = RoutineRepository.docc; sourceTree = "<group>"; };
		B3D29C0028F1EDB4006CC77D /* Routine.swift */ = {isa = PBXFileReference; lastKnownFileType = sourcecode.swift; path = Routine.swift; sourceTree = "<group>"; };
		B3D29C0328F1EDFA006CC77D /* RoutineRecord.swift */ = {isa = PBXFileReference; lastKnownFileType = sourcecode.swift; path = RoutineRecord.swift; sourceTree = "<group>"; };
		B3D29C0528F1EE3B006CC77D /* Exercise.swift */ = {isa = PBXFileReference; lastKnownFileType = sourcecode.swift; path = Exercise.swift; sourceTree = "<group>"; };
		B3D29C0728F1EE92006CC77D /* ExerciseRecord.swift */ = {isa = PBXFileReference; lastKnownFileType = sourcecode.swift; path = ExerciseRecord.swift; sourceTree = "<group>"; };
		B3D29C0928F1EEED006CC77D /* SetRecord.swift */ = {isa = PBXFileReference; lastKnownFileType = sourcecode.swift; path = SetRecord.swift; sourceTree = "<group>"; };
		B3D29C0B28F1EF4F006CC77D /* Tag.swift */ = {isa = PBXFileReference; lastKnownFileType = sourcecode.swift; path = Tag.swift; sourceTree = "<group>"; };
		B3D29C0D28F1F077006CC77D /* RoutineRepository.swift */ = {isa = PBXFileReference; lastKnownFileType = sourcecode.swift; path = RoutineRepository.swift; sourceTree = "<group>"; };
		B3D29C1628F4FA3B006CC77D /* LocalRoutine.swift */ = {isa = PBXFileReference; lastKnownFileType = sourcecode.swift; path = LocalRoutine.swift; sourceTree = "<group>"; };
		B3D29C1828F4FA5B006CC77D /* LocalRoutineRecord.swift */ = {isa = PBXFileReference; lastKnownFileType = sourcecode.swift; path = LocalRoutineRecord.swift; sourceTree = "<group>"; };
		B3D29C1A28F4FA67006CC77D /* LocalExercise.swift */ = {isa = PBXFileReference; lastKnownFileType = sourcecode.swift; path = LocalExercise.swift; sourceTree = "<group>"; };
		B3D29C1C28F4FA76006CC77D /* LocalExerciseRecord.swift */ = {isa = PBXFileReference; lastKnownFileType = sourcecode.swift; path = LocalExerciseRecord.swift; sourceTree = "<group>"; };
		B3D29C1E28F4FA86006CC77D /* LocalSetRecord.swift */ = {isa = PBXFileReference; lastKnownFileType = sourcecode.swift; path = LocalSetRecord.swift; sourceTree = "<group>"; };
		B3D29C2028F4FA95006CC77D /* LocalTag.swift */ = {isa = PBXFileReference; lastKnownFileType = sourcecode.swift; path = LocalTag.swift; sourceTree = "<group>"; };
		B3D29C2228F4FAC8006CC77D /* LocalRoutineRepository.swift */ = {isa = PBXFileReference; lastKnownFileType = sourcecode.swift; path = LocalRoutineRepository.swift; sourceTree = "<group>"; };
		B3D29C2428F4FB34006CC77D /* RoutineStore.swift */ = {isa = PBXFileReference; lastKnownFileType = sourcecode.swift; path = RoutineStore.swift; sourceTree = "<group>"; };
		B3D29C2C28F50236006CC77D /* RoutineRepositoryTests.xctest */ = {isa = PBXFileReference; explicitFileType = wrapper.cfbundle; includeInIndex = 0; path = RoutineRepositoryTests.xctest; sourceTree = BUILT_PRODUCTS_DIR; };
		B3D29C3628F502C7006CC77D /* SaveRoutineUseCaseTests.swift */ = {isa = PBXFileReference; lastKnownFileType = sourcecode.swift; path = SaveRoutineUseCaseTests.swift; sourceTree = "<group>"; };
		B3D29C3828F503B7006CC77D /* RoutineStoreSpy.swift */ = {isa = PBXFileReference; lastKnownFileType = sourcecode.swift; path = RoutineStoreSpy.swift; sourceTree = "<group>"; };
		B3D29C3A28F5041B006CC77D /* XCTestCase+TrackForMemoryLeaks.swift */ = {isa = PBXFileReference; lastKnownFileType = sourcecode.swift; path = "XCTestCase+TrackForMemoryLeaks.swift"; sourceTree = "<group>"; };
		B3D29C6028F515F7006CC77D /* LoadAllRoutinesUseCaseTests.swift */ = {isa = PBXFileReference; lastKnownFileType = sourcecode.swift; path = LoadAllRoutinesUseCaseTests.swift; sourceTree = "<group>"; };
		B3D29C6228F517EA006CC77D /* SharedTestHelpers.swift */ = {isa = PBXFileReference; lastKnownFileType = sourcecode.swift; path = SharedTestHelpers.swift; sourceTree = "<group>"; };
		B3D29C6628F66B73006CC77D /* CoreDataRoutineStoreTests.swift */ = {isa = PBXFileReference; lastKnownFileType = sourcecode.swift; path = CoreDataRoutineStoreTests.swift; sourceTree = "<group>"; };
		B3D29C6928F71A3F006CC77D /* RoutineStore.xcdatamodel */ = {isa = PBXFileReference; lastKnownFileType = wrapper.xcdatamodel; path = RoutineStore.xcdatamodel; sourceTree = "<group>"; };
		B3D29C6E28F86C16006CC77D /* ManagedRoutine.swift */ = {isa = PBXFileReference; lastKnownFileType = sourcecode.swift; path = ManagedRoutine.swift; sourceTree = "<group>"; };
		B3D29C7328F879DC006CC77D /* ManagedRoutineRecord.swift */ = {isa = PBXFileReference; lastKnownFileType = sourcecode.swift; path = ManagedRoutineRecord.swift; sourceTree = "<group>"; };
/* End PBXFileReference section */

/* Begin PBXFrameworksBuildPhase section */
		B32CADEA28FEF53D00B154BD /* Frameworks */ = {
			isa = PBXFrameworksBuildPhase;
			buildActionMask = 2147483647;
			files = (
				B32CADF128FEF53D00B154BD /* RoutineRepository.framework in Frameworks */,
			);
			runOnlyForDeploymentPostprocessing = 0;
		};
		B32CADFC28FF4A2F00B154BD /* Frameworks */ = {
			isa = PBXFrameworksBuildPhase;
			buildActionMask = 2147483647;
			files = (
			);
			runOnlyForDeploymentPostprocessing = 0;
		};
		B32CAE0528FF4A2F00B154BD /* Frameworks */ = {
			isa = PBXFrameworksBuildPhase;
			buildActionMask = 2147483647;
			files = (
				B32CAE0928FF4A2F00B154BD /* LiftMeRoutinesiOS.framework in Frameworks */,
			);
			runOnlyForDeploymentPostprocessing = 0;
		};
		B3D29BDA28F12746006CC77D /* Frameworks */ = {
			isa = PBXFrameworksBuildPhase;
			buildActionMask = 2147483647;
			files = (
			);
			runOnlyForDeploymentPostprocessing = 0;
		};
		B3D29C2928F50236006CC77D /* Frameworks */ = {
			isa = PBXFrameworksBuildPhase;
			buildActionMask = 2147483647;
			files = (
				B3D29C3028F50236006CC77D /* RoutineRepository.framework in Frameworks */,
			);
			runOnlyForDeploymentPostprocessing = 0;
		};
/* End PBXFrameworksBuildPhase section */

/* Begin PBXGroup section */
		B32CADEE28FEF53D00B154BD /* RoutineRepositoryCacheIntegrationTests */ = {
			isa = PBXGroup;
			children = (
				B32CADEF28FEF53D00B154BD /* RoutineRepositoryCacheIntegrationTests.swift */,
			);
			path = RoutineRepositoryCacheIntegrationTests;
			sourceTree = "<group>";
		};
		B32CAE0028FF4A2F00B154BD /* LiftMeRoutinesiOS */ = {
			isa = PBXGroup;
			children = (
				B32CAE0128FF4A2F00B154BD /* LiftMeRoutinesiOS.h */,
				B32CAE0228FF4A2F00B154BD /* LiftMeRoutinesiOS.docc */,
				B34588AF290617BA006ED45C /* RoutineListView.swift */,
				B30E83C4291EB36B00A19724 /* CreateRoutineView.swift */,
				B34588B1290617ED006ED45C /* Inspection.swift */,
				B34588B329061BF0006ED45C /* UIColor+LiftMeThemeColors.swift */,
				B34588B529061C2B006ED45C /* Color+LiftMeThemeColors.swift */,
			);
			path = LiftMeRoutinesiOS;
			sourceTree = "<group>";
		};
		B32CAE0C28FF4A2F00B154BD /* LiftMeRoutinesiOSTests */ = {
			isa = PBXGroup;
			children = (
			);
			path = LiftMeRoutinesiOSTests;
			sourceTree = "<group>";
		};
		B3D29BD328F12746006CC77D = {
			isa = PBXGroup;
			children = (
				B36891592914B65E00E04957 /* SharedTestHelpers.swift */,
				B3D29BDF28F12746006CC77D /* RoutineRepository */,
				B3D29C2D28F50236006CC77D /* RoutineRepositoryTests */,
				B32CADEE28FEF53D00B154BD /* RoutineRepositoryCacheIntegrationTests */,
				B32CAE0028FF4A2F00B154BD /* LiftMeRoutinesiOS */,
				B32CAE0C28FF4A2F00B154BD /* LiftMeRoutinesiOSTests */,
				B3D29BDE28F12746006CC77D /* Products */,
			);
			sourceTree = "<group>";
		};
		B3D29BDE28F12746006CC77D /* Products */ = {
			isa = PBXGroup;
			children = (
				B3D29BDD28F12746006CC77D /* RoutineRepository.framework */,
				B3D29C2C28F50236006CC77D /* RoutineRepositoryTests.xctest */,
				B32CADED28FEF53D00B154BD /* RoutineRepositoryCacheIntegrationTests.xctest */,
				B32CADFF28FF4A2F00B154BD /* LiftMeRoutinesiOS.framework */,
				B32CAE0828FF4A2F00B154BD /* LiftMeRoutinesiOSTests.xctest */,
			);
			name = Products;
			sourceTree = "<group>";
		};
		B3D29BDF28F12746006CC77D /* RoutineRepository */ = {
			isa = PBXGroup;
			children = (
				B3D29C1528F4FA0C006CC77D /* Routine Repository Cache */,
				B3D29C0228F1EDB7006CC77D /* Routine Repository Feature */,
				B3D29BE028F12746006CC77D /* RoutineRepository.h */,
				B3D29BE128F12746006CC77D /* RoutineRepository.docc */,
			);
			path = RoutineRepository;
			sourceTree = "<group>";
		};
		B3D29C0228F1EDB7006CC77D /* Routine Repository Feature */ = {
			isa = PBXGroup;
			children = (
				B3D29C0028F1EDB4006CC77D /* Routine.swift */,
				B3D29C0328F1EDFA006CC77D /* RoutineRecord.swift */,
				B3D29C0528F1EE3B006CC77D /* Exercise.swift */,
				B3D29C0728F1EE92006CC77D /* ExerciseRecord.swift */,
				B3D29C0928F1EEED006CC77D /* SetRecord.swift */,
				B3D29C0B28F1EF4F006CC77D /* Tag.swift */,
				B3D29C0D28F1F077006CC77D /* RoutineRepository.swift */,
			);
			path = "Routine Repository Feature";
			sourceTree = "<group>";
		};
		B3D29C1528F4FA0C006CC77D /* Routine Repository Cache */ = {
			isa = PBXGroup;
			children = (
				B3D29C7228F8790D006CC77D /* Core Data */,
				B3D29C1628F4FA3B006CC77D /* LocalRoutine.swift */,
				B3D29C1828F4FA5B006CC77D /* LocalRoutineRecord.swift */,
				B3D29C1A28F4FA67006CC77D /* LocalExercise.swift */,
				B3D29C1C28F4FA76006CC77D /* LocalExerciseRecord.swift */,
				B3D29C1E28F4FA86006CC77D /* LocalSetRecord.swift */,
				B3D29C2028F4FA95006CC77D /* LocalTag.swift */,
				B3D29C2228F4FAC8006CC77D /* LocalRoutineRepository.swift */,
				B3D29C2428F4FB34006CC77D /* RoutineStore.swift */,
			);
			path = "Routine Repository Cache";
			sourceTree = "<group>";
		};
		B3D29C2D28F50236006CC77D /* RoutineRepositoryTests */ = {
			isa = PBXGroup;
			children = (
				B3D29C3628F502C7006CC77D /* SaveRoutineUseCaseTests.swift */,
				B3D29C3828F503B7006CC77D /* RoutineStoreSpy.swift */,
				B3D29C3A28F5041B006CC77D /* XCTestCase+TrackForMemoryLeaks.swift */,
				B3D29C6028F515F7006CC77D /* LoadAllRoutinesUseCaseTests.swift */,
				B3D29C6228F517EA006CC77D /* SharedTestHelpers.swift */,
				B3D29C6628F66B73006CC77D /* CoreDataRoutineStoreTests.swift */,
			);
			path = RoutineRepositoryTests;
			sourceTree = "<group>";
		};
		B3D29C7228F8790D006CC77D /* Core Data */ = {
			isa = PBXGroup;
			children = (
				B3D29C7328F879DC006CC77D /* ManagedRoutineRecord.swift */,
				B3D29C6E28F86C16006CC77D /* ManagedRoutine.swift */,
				B3D29C6828F71A3F006CC77D /* RoutineStore.xcdatamodeld */,
				B3AF3F4928FA389000549473 /* CoreDataRoutineStore.swift */,
			);
			path = "Core Data";
			sourceTree = "<group>";
		};
/* End PBXGroup section */

/* Begin PBXHeadersBuildPhase section */
		B32CADFA28FF4A2F00B154BD /* Headers */ = {
			isa = PBXHeadersBuildPhase;
			buildActionMask = 2147483647;
			files = (
				B32CAE0F28FF4A2F00B154BD /* LiftMeRoutinesiOS.h in Headers */,
			);
			runOnlyForDeploymentPostprocessing = 0;
		};
		B3D29BD828F12746006CC77D /* Headers */ = {
			isa = PBXHeadersBuildPhase;
			buildActionMask = 2147483647;
			files = (
				B3D29BEE28F12746006CC77D /* RoutineRepository.h in Headers */,
			);
			runOnlyForDeploymentPostprocessing = 0;
		};
/* End PBXHeadersBuildPhase section */

/* Begin PBXNativeTarget section */
		B32CADEC28FEF53D00B154BD /* RoutineRepositoryCacheIntegrationTests */ = {
			isa = PBXNativeTarget;
			buildConfigurationList = B32CADF628FEF53D00B154BD /* Build configuration list for PBXNativeTarget "RoutineRepositoryCacheIntegrationTests" */;
			buildPhases = (
				B32CADE928FEF53D00B154BD /* Sources */,
				B32CADEA28FEF53D00B154BD /* Frameworks */,
				B32CADEB28FEF53D00B154BD /* Resources */,
			);
			buildRules = (
			);
			dependencies = (
				B32CADF328FEF53D00B154BD /* PBXTargetDependency */,
			);
			name = RoutineRepositoryCacheIntegrationTests;
			productName = RoutineRepositoryCacheIntegrationTests;
			productReference = B32CADED28FEF53D00B154BD /* RoutineRepositoryCacheIntegrationTests.xctest */;
			productType = "com.apple.product-type.bundle.unit-test";
		};
		B32CADFE28FF4A2F00B154BD /* LiftMeRoutinesiOS */ = {
			isa = PBXNativeTarget;
			buildConfigurationList = B32CAE1028FF4A2F00B154BD /* Build configuration list for PBXNativeTarget "LiftMeRoutinesiOS" */;
			buildPhases = (
				B32CADFA28FF4A2F00B154BD /* Headers */,
				B32CADFB28FF4A2F00B154BD /* Sources */,
				B32CADFC28FF4A2F00B154BD /* Frameworks */,
				B32CADFD28FF4A2F00B154BD /* Resources */,
			);
			buildRules = (
			);
			dependencies = (
			);
			name = LiftMeRoutinesiOS;
			packageProductDependencies = (
			);
			productName = LiftMeRoutinesiOS;
			productReference = B32CADFF28FF4A2F00B154BD /* LiftMeRoutinesiOS.framework */;
			productType = "com.apple.product-type.framework";
		};
		B32CAE0728FF4A2F00B154BD /* LiftMeRoutinesiOSTests */ = {
			isa = PBXNativeTarget;
			buildConfigurationList = B32CAE1328FF4A2F00B154BD /* Build configuration list for PBXNativeTarget "LiftMeRoutinesiOSTests" */;
			buildPhases = (
				B32CAE0428FF4A2F00B154BD /* Sources */,
				B32CAE0528FF4A2F00B154BD /* Frameworks */,
				B32CAE0628FF4A2F00B154BD /* Resources */,
			);
			buildRules = (
			);
			dependencies = (
				B32CAE0B28FF4A2F00B154BD /* PBXTargetDependency */,
			);
			name = LiftMeRoutinesiOSTests;
			packageProductDependencies = (
			);
			productName = LiftMeRoutinesiOSTests;
			productReference = B32CAE0828FF4A2F00B154BD /* LiftMeRoutinesiOSTests.xctest */;
			productType = "com.apple.product-type.bundle.unit-test";
		};
		B3D29BDC28F12746006CC77D /* RoutineRepository */ = {
			isa = PBXNativeTarget;
			buildConfigurationList = B3D29BF128F12746006CC77D /* Build configuration list for PBXNativeTarget "RoutineRepository" */;
			buildPhases = (
				B3D29BD828F12746006CC77D /* Headers */,
				B3D29BD928F12746006CC77D /* Sources */,
				B3D29BDA28F12746006CC77D /* Frameworks */,
				B3D29BDB28F12746006CC77D /* Resources */,
			);
			buildRules = (
			);
			dependencies = (
			);
			name = RoutineRepository;
			productName = RoutineRepository;
			productReference = B3D29BDD28F12746006CC77D /* RoutineRepository.framework */;
			productType = "com.apple.product-type.framework";
		};
		B3D29C2B28F50236006CC77D /* RoutineRepositoryTests */ = {
			isa = PBXNativeTarget;
			buildConfigurationList = B3D29C3328F50236006CC77D /* Build configuration list for PBXNativeTarget "RoutineRepositoryTests" */;
			buildPhases = (
				B3D29C2828F50236006CC77D /* Sources */,
				B3D29C2928F50236006CC77D /* Frameworks */,
				B3D29C2A28F50236006CC77D /* Resources */,
			);
			buildRules = (
			);
			dependencies = (
				B3D29C3228F50236006CC77D /* PBXTargetDependency */,
			);
			name = RoutineRepositoryTests;
			productName = RoutineRepositoryTests;
			productReference = B3D29C2C28F50236006CC77D /* RoutineRepositoryTests.xctest */;
			productType = "com.apple.product-type.bundle.unit-test";
		};
/* End PBXNativeTarget section */

/* Begin PBXProject section */
		B3D29BD428F12746006CC77D /* Project object */ = {
			isa = PBXProject;
			attributes = {
				BuildIndependentTargetsInParallel = 1;
				LastSwiftUpdateCheck = 1320;
				LastUpgradeCheck = 1320;
				TargetAttributes = {
					B32CADEC28FEF53D00B154BD = {
						CreatedOnToolsVersion = 13.2.1;
					};
					B32CADFE28FF4A2F00B154BD = {
						CreatedOnToolsVersion = 13.2.1;
					};
					B32CAE0728FF4A2F00B154BD = {
						CreatedOnToolsVersion = 13.2.1;
					};
					B3D29BDC28F12746006CC77D = {
						CreatedOnToolsVersion = 13.2.1;
					};
					B3D29C2B28F50236006CC77D = {
						CreatedOnToolsVersion = 13.2.1;
					};
				};
			};
			buildConfigurationList = B3D29BD728F12746006CC77D /* Build configuration list for PBXProject "RoutineRepository" */;
			compatibilityVersion = "Xcode 13.0";
			developmentRegion = en;
			hasScannedForEncodings = 0;
			knownRegions = (
				en,
				Base,
			);
			mainGroup = B3D29BD328F12746006CC77D;
			packageReferences = (
			);
			productRefGroup = B3D29BDE28F12746006CC77D /* Products */;
			projectDirPath = "";
			projectRoot = "";
			targets = (
				B3D29BDC28F12746006CC77D /* RoutineRepository */,
				B3D29C2B28F50236006CC77D /* RoutineRepositoryTests */,
				B32CADEC28FEF53D00B154BD /* RoutineRepositoryCacheIntegrationTests */,
				B32CADFE28FF4A2F00B154BD /* LiftMeRoutinesiOS */,
				B32CAE0728FF4A2F00B154BD /* LiftMeRoutinesiOSTests */,
			);
		};
/* End PBXProject section */

/* Begin PBXResourcesBuildPhase section */
		B32CADEB28FEF53D00B154BD /* Resources */ = {
			isa = PBXResourcesBuildPhase;
			buildActionMask = 2147483647;
			files = (
			);
			runOnlyForDeploymentPostprocessing = 0;
		};
		B32CADFD28FF4A2F00B154BD /* Resources */ = {
			isa = PBXResourcesBuildPhase;
			buildActionMask = 2147483647;
			files = (
			);
			runOnlyForDeploymentPostprocessing = 0;
		};
		B32CAE0628FF4A2F00B154BD /* Resources */ = {
			isa = PBXResourcesBuildPhase;
			buildActionMask = 2147483647;
			files = (
			);
			runOnlyForDeploymentPostprocessing = 0;
		};
		B3D29BDB28F12746006CC77D /* Resources */ = {
			isa = PBXResourcesBuildPhase;
			buildActionMask = 2147483647;
			files = (
			);
			runOnlyForDeploymentPostprocessing = 0;
		};
		B3D29C2A28F50236006CC77D /* Resources */ = {
			isa = PBXResourcesBuildPhase;
			buildActionMask = 2147483647;
			files = (
			);
			runOnlyForDeploymentPostprocessing = 0;
		};
/* End PBXResourcesBuildPhase section */

/* Begin PBXSourcesBuildPhase section */
		B32CADE928FEF53D00B154BD /* Sources */ = {
			isa = PBXSourcesBuildPhase;
			buildActionMask = 2147483647;
			files = (
				B32CADF728FEFC6100B154BD /* XCTestCase+TrackForMemoryLeaks.swift in Sources */,
				B32CADF028FEF53D00B154BD /* RoutineRepositoryCacheIntegrationTests.swift in Sources */,
				B32CADF928FEFF2800B154BD /* SharedTestHelpers.swift in Sources */,
			);
			runOnlyForDeploymentPostprocessing = 0;
		};
		B32CADFB28FF4A2F00B154BD /* Sources */ = {
			isa = PBXSourcesBuildPhase;
			buildActionMask = 2147483647;
			files = (
				B34588B429061BF0006ED45C /* UIColor+LiftMeThemeColors.swift in Sources */,
				B32CAE0328FF4A2F00B154BD /* LiftMeRoutinesiOS.docc in Sources */,
				B34588B2290617ED006ED45C /* Inspection.swift in Sources */,
				B34588B0290617BA006ED45C /* RoutineListView.swift in Sources */,
				B34588B629061C2B006ED45C /* Color+LiftMeThemeColors.swift in Sources */,
				B30E83C5291EB36B00A19724 /* CreateRoutineView.swift in Sources */,
			);
			runOnlyForDeploymentPostprocessing = 0;
		};
		B32CAE0428FF4A2F00B154BD /* Sources */ = {
			isa = PBXSourcesBuildPhase;
			buildActionMask = 2147483647;
			files = (
				B32CAE1928FF915D00B154BD /* XCTestCase+TrackForMemoryLeaks.swift in Sources */,
				B313A4412901805B00740E61 /* SharedTestHelpers.swift in Sources */,
			);
			runOnlyForDeploymentPostprocessing = 0;
		};
		B3D29BD928F12746006CC77D /* Sources */ = {
			isa = PBXSourcesBuildPhase;
			buildActionMask = 2147483647;
			files = (
				B3D29C7028F86C16006CC77D /* ManagedRoutine.swift in Sources */,
				B3D29C2528F4FB34006CC77D /* RoutineStore.swift in Sources */,
				B3D29C1F28F4FA86006CC77D /* LocalSetRecord.swift in Sources */,
				B3D29C0E28F1F077006CC77D /* RoutineRepository.swift in Sources */,
				B3D29C1928F4FA5B006CC77D /* LocalRoutineRecord.swift in Sources */,
				B3D29C1D28F4FA76006CC77D /* LocalExerciseRecord.swift in Sources */,
				B3D29C2328F4FAC8006CC77D /* LocalRoutineRepository.swift in Sources */,
				B3AF3F4A28FA389000549473 /* CoreDataRoutineStore.swift in Sources */,
				B3D29C2128F4FA95006CC77D /* LocalTag.swift in Sources */,
				B3D29C0128F1EDB4006CC77D /* Routine.swift in Sources */,
				B3D29C0628F1EE3B006CC77D /* Exercise.swift in Sources */,
				B3D29BE228F12746006CC77D /* RoutineRepository.docc in Sources */,
				B3D29C0C28F1EF4F006CC77D /* Tag.swift in Sources */,
				B3D29C1728F4FA3B006CC77D /* LocalRoutine.swift in Sources */,
				B3D29C7528F879DC006CC77D /* ManagedRoutineRecord.swift in Sources */,
				B3D29C0A28F1EEED006CC77D /* SetRecord.swift in Sources */,
				B3D29C0828F1EE92006CC77D /* ExerciseRecord.swift in Sources */,
				B3D29C1B28F4FA67006CC77D /* LocalExercise.swift in Sources */,
				B3D29C6A28F71A3F006CC77D /* RoutineStore.xcdatamodeld in Sources */,
				B3D29C0428F1EDFA006CC77D /* RoutineRecord.swift in Sources */,
			);
			runOnlyForDeploymentPostprocessing = 0;
		};
		B3D29C2828F50236006CC77D /* Sources */ = {
			isa = PBXSourcesBuildPhase;
			buildActionMask = 2147483647;
			files = (
				B3D29C3728F502C7006CC77D /* SaveRoutineUseCaseTests.swift in Sources */,
				B3D29C3928F503B7006CC77D /* RoutineStoreSpy.swift in Sources */,
				B3D29C6328F517EA006CC77D /* SharedTestHelpers.swift in Sources */,
				B3D29C6728F66B73006CC77D /* CoreDataRoutineStoreTests.swift in Sources */,
				B3D29C6128F515F7006CC77D /* LoadAllRoutinesUseCaseTests.swift in Sources */,
				B3D29C3B28F5041B006CC77D /* XCTestCase+TrackForMemoryLeaks.swift in Sources */,
				B3D29C6D28F7B787006CC77D /* RoutineStore.xcdatamodeld in Sources */,
			);
			runOnlyForDeploymentPostprocessing = 0;
		};
/* End PBXSourcesBuildPhase section */

/* Begin PBXTargetDependency section */
		B32CADF328FEF53D00B154BD /* PBXTargetDependency */ = {
			isa = PBXTargetDependency;
			target = B3D29BDC28F12746006CC77D /* RoutineRepository */;
			targetProxy = B32CADF228FEF53D00B154BD /* PBXContainerItemProxy */;
		};
		B32CAE0B28FF4A2F00B154BD /* PBXTargetDependency */ = {
			isa = PBXTargetDependency;
			target = B32CADFE28FF4A2F00B154BD /* LiftMeRoutinesiOS */;
			targetProxy = B32CAE0A28FF4A2F00B154BD /* PBXContainerItemProxy */;
		};
		B3D29C3228F50236006CC77D /* PBXTargetDependency */ = {
			isa = PBXTargetDependency;
			target = B3D29BDC28F12746006CC77D /* RoutineRepository */;
			targetProxy = B3D29C3128F50236006CC77D /* PBXContainerItemProxy */;
		};
/* End PBXTargetDependency section */

/* Begin XCBuildConfiguration section */
		B32CADF428FEF53D00B154BD /* Debug */ = {
			isa = XCBuildConfiguration;
			buildSettings = {
				CODE_SIGN_STYLE = Automatic;
				CURRENT_PROJECT_VERSION = 1;
				DEVELOPMENT_TEAM = RXL7292WR8;
				GENERATE_INFOPLIST_FILE = YES;
				MACOSX_DEPLOYMENT_TARGET = 12.1;
				MARKETING_VERSION = 1.0;
				PRODUCT_BUNDLE_IDENTIFIER = com.boycees.RoutineRepositoryCacheIntegrationTests;
				PRODUCT_NAME = "$(TARGET_NAME)";
				SUPPORTED_PLATFORMS = "macosx iphoneos iphonesimulator";
				SWIFT_EMIT_LOC_STRINGS = NO;
				SWIFT_VERSION = 5.0;
			};
			name = Debug;
		};
		B32CADF528FEF53D00B154BD /* Release */ = {
			isa = XCBuildConfiguration;
			buildSettings = {
				CODE_SIGN_STYLE = Automatic;
				CURRENT_PROJECT_VERSION = 1;
				DEVELOPMENT_TEAM = RXL7292WR8;
				GENERATE_INFOPLIST_FILE = YES;
				MACOSX_DEPLOYMENT_TARGET = 12.1;
				MARKETING_VERSION = 1.0;
				PRODUCT_BUNDLE_IDENTIFIER = com.boycees.RoutineRepositoryCacheIntegrationTests;
				PRODUCT_NAME = "$(TARGET_NAME)";
				SUPPORTED_PLATFORMS = "macosx iphoneos iphonesimulator";
				SWIFT_EMIT_LOC_STRINGS = NO;
				SWIFT_VERSION = 5.0;
			};
			name = Release;
		};
		B32CAE1128FF4A2F00B154BD /* Debug */ = {
			isa = XCBuildConfiguration;
			buildSettings = {
				CODE_SIGN_STYLE = Automatic;
				CURRENT_PROJECT_VERSION = 1;
				DEFINES_MODULE = YES;
				DEVELOPMENT_TEAM = RXL7292WR8;
				DYLIB_COMPATIBILITY_VERSION = 1;
				DYLIB_CURRENT_VERSION = 1;
				DYLIB_INSTALL_NAME_BASE = "@rpath";
				GENERATE_INFOPLIST_FILE = YES;
				INFOPLIST_KEY_NSHumanReadableCopyright = "";
				INSTALL_PATH = "$(LOCAL_LIBRARY_DIR)/Frameworks";
				LD_RUNPATH_SEARCH_PATHS = (
					"$(inherited)",
					"@executable_path/Frameworks",
					"@loader_path/Frameworks",
				);
				MARKETING_VERSION = 1.0;
				PRODUCT_BUNDLE_IDENTIFIER = com.boycees.LiftMeRoutinesiOS;
				PRODUCT_NAME = "$(TARGET_NAME:c99extidentifier)";
				SDKROOT = iphoneos;
				SKIP_INSTALL = YES;
				SUPPORTED_PLATFORMS = "iphonesimulator iphoneos";
				SWIFT_EMIT_LOC_STRINGS = YES;
				SWIFT_INSTALL_OBJC_HEADER = YES;
				SWIFT_VERSION = 5.0;
				TARGETED_DEVICE_FAMILY = "1,2";
			};
			name = Debug;
		};
		B32CAE1228FF4A2F00B154BD /* Release */ = {
			isa = XCBuildConfiguration;
			buildSettings = {
				CODE_SIGN_STYLE = Automatic;
				CURRENT_PROJECT_VERSION = 1;
				DEFINES_MODULE = YES;
				DEVELOPMENT_TEAM = RXL7292WR8;
				DYLIB_COMPATIBILITY_VERSION = 1;
				DYLIB_CURRENT_VERSION = 1;
				DYLIB_INSTALL_NAME_BASE = "@rpath";
				GENERATE_INFOPLIST_FILE = YES;
				INFOPLIST_KEY_NSHumanReadableCopyright = "";
				INSTALL_PATH = "$(LOCAL_LIBRARY_DIR)/Frameworks";
				LD_RUNPATH_SEARCH_PATHS = (
					"$(inherited)",
					"@executable_path/Frameworks",
					"@loader_path/Frameworks",
				);
				MARKETING_VERSION = 1.0;
				PRODUCT_BUNDLE_IDENTIFIER = com.boycees.LiftMeRoutinesiOS;
				PRODUCT_NAME = "$(TARGET_NAME:c99extidentifier)";
				SDKROOT = iphoneos;
				SKIP_INSTALL = YES;
				SUPPORTED_PLATFORMS = "iphonesimulator iphoneos";
				SWIFT_EMIT_LOC_STRINGS = YES;
				SWIFT_INSTALL_OBJC_HEADER = YES;
				SWIFT_VERSION = 5.0;
				TARGETED_DEVICE_FAMILY = "1,2";
			};
			name = Release;
		};
		B32CAE1428FF4A2F00B154BD /* Debug */ = {
			isa = XCBuildConfiguration;
			buildSettings = {
				ALWAYS_EMBED_SWIFT_STANDARD_LIBRARIES = YES;
				CODE_SIGN_STYLE = Automatic;
				CURRENT_PROJECT_VERSION = 1;
				DEVELOPMENT_TEAM = RXL7292WR8;
				GENERATE_INFOPLIST_FILE = YES;
				MARKETING_VERSION = 1.0;
				PRODUCT_BUNDLE_IDENTIFIER = com.boycees.LiftMeRoutinesiOSTests;
				PRODUCT_NAME = "$(TARGET_NAME)";
				SDKROOT = iphoneos;
				SUPPORTED_PLATFORMS = "iphonesimulator iphoneos";
				SWIFT_EMIT_LOC_STRINGS = NO;
				SWIFT_VERSION = 5.0;
				TARGETED_DEVICE_FAMILY = "1,2";
			};
			name = Debug;
		};
		B32CAE1528FF4A2F00B154BD /* Release */ = {
			isa = XCBuildConfiguration;
			buildSettings = {
				ALWAYS_EMBED_SWIFT_STANDARD_LIBRARIES = YES;
				CODE_SIGN_STYLE = Automatic;
				CURRENT_PROJECT_VERSION = 1;
				DEVELOPMENT_TEAM = RXL7292WR8;
				GENERATE_INFOPLIST_FILE = YES;
				MARKETING_VERSION = 1.0;
				PRODUCT_BUNDLE_IDENTIFIER = com.boycees.LiftMeRoutinesiOSTests;
				PRODUCT_NAME = "$(TARGET_NAME)";
				SDKROOT = iphoneos;
				SUPPORTED_PLATFORMS = "iphonesimulator iphoneos";
				SWIFT_EMIT_LOC_STRINGS = NO;
				SWIFT_VERSION = 5.0;
				TARGETED_DEVICE_FAMILY = "1,2";
			};
			name = Release;
		};
		B3D29BEF28F12746006CC77D /* Debug */ = {
			isa = XCBuildConfiguration;
			buildSettings = {
				ALWAYS_SEARCH_USER_PATHS = NO;
				CLANG_ANALYZER_NONNULL = YES;
				CLANG_ANALYZER_NUMBER_OBJECT_CONVERSION = YES_AGGRESSIVE;
				CLANG_CXX_LANGUAGE_STANDARD = "gnu++17";
				CLANG_CXX_LIBRARY = "libc++";
				CLANG_ENABLE_MODULES = YES;
				CLANG_ENABLE_OBJC_ARC = YES;
				CLANG_ENABLE_OBJC_WEAK = YES;
				CLANG_WARN_BLOCK_CAPTURE_AUTORELEASING = YES;
				CLANG_WARN_BOOL_CONVERSION = YES;
				CLANG_WARN_COMMA = YES;
				CLANG_WARN_CONSTANT_CONVERSION = YES;
				CLANG_WARN_DEPRECATED_OBJC_IMPLEMENTATIONS = YES;
				CLANG_WARN_DIRECT_OBJC_ISA_USAGE = YES_ERROR;
				CLANG_WARN_DOCUMENTATION_COMMENTS = YES;
				CLANG_WARN_EMPTY_BODY = YES;
				CLANG_WARN_ENUM_CONVERSION = YES;
				CLANG_WARN_INFINITE_RECURSION = YES;
				CLANG_WARN_INT_CONVERSION = YES;
				CLANG_WARN_NON_LITERAL_NULL_CONVERSION = YES;
				CLANG_WARN_OBJC_IMPLICIT_RETAIN_SELF = YES;
				CLANG_WARN_OBJC_LITERAL_CONVERSION = YES;
				CLANG_WARN_OBJC_ROOT_CLASS = YES_ERROR;
				CLANG_WARN_QUOTED_INCLUDE_IN_FRAMEWORK_HEADER = YES;
				CLANG_WARN_RANGE_LOOP_ANALYSIS = YES;
				CLANG_WARN_STRICT_PROTOTYPES = YES;
				CLANG_WARN_SUSPICIOUS_MOVE = YES;
				CLANG_WARN_UNGUARDED_AVAILABILITY = YES_AGGRESSIVE;
				CLANG_WARN_UNREACHABLE_CODE = YES;
				CLANG_WARN__DUPLICATE_METHOD_MATCH = YES;
				COPY_PHASE_STRIP = NO;
				CURRENT_PROJECT_VERSION = 1;
				DEBUG_INFORMATION_FORMAT = dwarf;
				ENABLE_STRICT_OBJC_MSGSEND = YES;
				ENABLE_TESTABILITY = YES;
				GCC_C_LANGUAGE_STANDARD = gnu11;
				GCC_DYNAMIC_NO_PIC = NO;
				GCC_NO_COMMON_BLOCKS = YES;
				GCC_OPTIMIZATION_LEVEL = 0;
				GCC_PREPROCESSOR_DEFINITIONS = (
					"DEBUG=1",
					"$(inherited)",
				);
				GCC_WARN_64_TO_32_BIT_CONVERSION = YES;
				GCC_WARN_ABOUT_RETURN_TYPE = YES_ERROR;
				GCC_WARN_UNDECLARED_SELECTOR = YES;
				GCC_WARN_UNINITIALIZED_AUTOS = YES_AGGRESSIVE;
				GCC_WARN_UNUSED_FUNCTION = YES;
				GCC_WARN_UNUSED_VARIABLE = YES;
				IPHONEOS_DEPLOYMENT_TARGET = 16.0;
				MTL_ENABLE_DEBUG_INFO = INCLUDE_SOURCE;
				MTL_FAST_MATH = YES;
				ONLY_ACTIVE_ARCH = YES;
				SDKROOT = macosx;
				SUPPORTED_PLATFORMS = macosx;
				SWIFT_ACTIVE_COMPILATION_CONDITIONS = DEBUG;
				SWIFT_OPTIMIZATION_LEVEL = "-Onone";
				VERSIONING_SYSTEM = "apple-generic";
				VERSION_INFO_PREFIX = "";
			};
			name = Debug;
		};
		B3D29BF028F12746006CC77D /* Release */ = {
			isa = XCBuildConfiguration;
			buildSettings = {
				ALWAYS_SEARCH_USER_PATHS = NO;
				CLANG_ANALYZER_NONNULL = YES;
				CLANG_ANALYZER_NUMBER_OBJECT_CONVERSION = YES_AGGRESSIVE;
				CLANG_CXX_LANGUAGE_STANDARD = "gnu++17";
				CLANG_CXX_LIBRARY = "libc++";
				CLANG_ENABLE_MODULES = YES;
				CLANG_ENABLE_OBJC_ARC = YES;
				CLANG_ENABLE_OBJC_WEAK = YES;
				CLANG_WARN_BLOCK_CAPTURE_AUTORELEASING = YES;
				CLANG_WARN_BOOL_CONVERSION = YES;
				CLANG_WARN_COMMA = YES;
				CLANG_WARN_CONSTANT_CONVERSION = YES;
				CLANG_WARN_DEPRECATED_OBJC_IMPLEMENTATIONS = YES;
				CLANG_WARN_DIRECT_OBJC_ISA_USAGE = YES_ERROR;
				CLANG_WARN_DOCUMENTATION_COMMENTS = YES;
				CLANG_WARN_EMPTY_BODY = YES;
				CLANG_WARN_ENUM_CONVERSION = YES;
				CLANG_WARN_INFINITE_RECURSION = YES;
				CLANG_WARN_INT_CONVERSION = YES;
				CLANG_WARN_NON_LITERAL_NULL_CONVERSION = YES;
				CLANG_WARN_OBJC_IMPLICIT_RETAIN_SELF = YES;
				CLANG_WARN_OBJC_LITERAL_CONVERSION = YES;
				CLANG_WARN_OBJC_ROOT_CLASS = YES_ERROR;
				CLANG_WARN_QUOTED_INCLUDE_IN_FRAMEWORK_HEADER = YES;
				CLANG_WARN_RANGE_LOOP_ANALYSIS = YES;
				CLANG_WARN_STRICT_PROTOTYPES = YES;
				CLANG_WARN_SUSPICIOUS_MOVE = YES;
				CLANG_WARN_UNGUARDED_AVAILABILITY = YES_AGGRESSIVE;
				CLANG_WARN_UNREACHABLE_CODE = YES;
				CLANG_WARN__DUPLICATE_METHOD_MATCH = YES;
				COPY_PHASE_STRIP = NO;
				CURRENT_PROJECT_VERSION = 1;
				DEBUG_INFORMATION_FORMAT = "dwarf-with-dsym";
				ENABLE_NS_ASSERTIONS = NO;
				ENABLE_STRICT_OBJC_MSGSEND = YES;
				GCC_C_LANGUAGE_STANDARD = gnu11;
				GCC_NO_COMMON_BLOCKS = YES;
				GCC_WARN_64_TO_32_BIT_CONVERSION = YES;
				GCC_WARN_ABOUT_RETURN_TYPE = YES_ERROR;
				GCC_WARN_UNDECLARED_SELECTOR = YES;
				GCC_WARN_UNINITIALIZED_AUTOS = YES_AGGRESSIVE;
				GCC_WARN_UNUSED_FUNCTION = YES;
				GCC_WARN_UNUSED_VARIABLE = YES;
				IPHONEOS_DEPLOYMENT_TARGET = 16.0;
				MTL_ENABLE_DEBUG_INFO = NO;
				MTL_FAST_MATH = YES;
				SDKROOT = macosx;
				SUPPORTED_PLATFORMS = macosx;
				SWIFT_COMPILATION_MODE = wholemodule;
				SWIFT_OPTIMIZATION_LEVEL = "-O";
				VALIDATE_PRODUCT = YES;
				VERSIONING_SYSTEM = "apple-generic";
				VERSION_INFO_PREFIX = "";
			};
			name = Release;
		};
		B3D29BF228F12746006CC77D /* Debug */ = {
			isa = XCBuildConfiguration;
			buildSettings = {
				CODE_SIGN_STYLE = Automatic;
				CURRENT_PROJECT_VERSION = 1;
				DEFINES_MODULE = YES;
				DEVELOPMENT_TEAM = RXL7292WR8;
				DYLIB_COMPATIBILITY_VERSION = 1;
				DYLIB_CURRENT_VERSION = 1;
				DYLIB_INSTALL_NAME_BASE = "@rpath";
				GENERATE_INFOPLIST_FILE = YES;
				INFOPLIST_KEY_NSHumanReadableCopyright = "";
				INSTALL_PATH = "$(LOCAL_LIBRARY_DIR)/Frameworks";
				LD_RUNPATH_SEARCH_PATHS = (
					"$(inherited)",
					"@executable_path/Frameworks",
					"@loader_path/Frameworks",
				);
				MARKETING_VERSION = 1.0;
				PRODUCT_BUNDLE_IDENTIFIER = com.boycees.RoutineRepository;
				PRODUCT_NAME = "$(TARGET_NAME:c99extidentifier)";
				SDKROOT = macosx;
				SKIP_INSTALL = YES;
				SUPPORTED_PLATFORMS = "macosx iphonesimulator iphoneos";
				SWIFT_EMIT_LOC_STRINGS = YES;
				SWIFT_INSTALL_OBJC_HEADER = YES;
				SWIFT_VERSION = 5.0;
				TARGETED_DEVICE_FAMILY = "1,2";
			};
			name = Debug;
		};
		B3D29BF328F12746006CC77D /* Release */ = {
			isa = XCBuildConfiguration;
			buildSettings = {
				CODE_SIGN_STYLE = Automatic;
				CURRENT_PROJECT_VERSION = 1;
				DEFINES_MODULE = YES;
				DEVELOPMENT_TEAM = RXL7292WR8;
				DYLIB_COMPATIBILITY_VERSION = 1;
				DYLIB_CURRENT_VERSION = 1;
				DYLIB_INSTALL_NAME_BASE = "@rpath";
				GENERATE_INFOPLIST_FILE = YES;
				INFOPLIST_KEY_NSHumanReadableCopyright = "";
				INSTALL_PATH = "$(LOCAL_LIBRARY_DIR)/Frameworks";
				LD_RUNPATH_SEARCH_PATHS = (
					"$(inherited)",
					"@executable_path/Frameworks",
					"@loader_path/Frameworks",
				);
				MARKETING_VERSION = 1.0;
				PRODUCT_BUNDLE_IDENTIFIER = com.boycees.RoutineRepository;
				PRODUCT_NAME = "$(TARGET_NAME:c99extidentifier)";
				SDKROOT = macosx;
				SKIP_INSTALL = YES;
				SUPPORTED_PLATFORMS = "macosx iphonesimulator iphoneos";
				SWIFT_EMIT_LOC_STRINGS = YES;
				SWIFT_INSTALL_OBJC_HEADER = YES;
				SWIFT_VERSION = 5.0;
				TARGETED_DEVICE_FAMILY = "1,2";
			};
			name = Release;
		};
		B3D29C3428F50236006CC77D /* Debug */ = {
			isa = XCBuildConfiguration;
			buildSettings = {
				CODE_SIGN_STYLE = Automatic;
				CURRENT_PROJECT_VERSION = 1;
				DEVELOPMENT_TEAM = RXL7292WR8;
				GENERATE_INFOPLIST_FILE = YES;
				MARKETING_VERSION = 1.0;
				PRODUCT_BUNDLE_IDENTIFIER = com.boycees.RoutineRepositoryTests;
				PRODUCT_NAME = "$(TARGET_NAME)";
				SDKROOT = macosx;
				SUPPORTED_PLATFORMS = "macosx iphonesimulator iphoneos";
				SWIFT_EMIT_LOC_STRINGS = NO;
				SWIFT_VERSION = 5.0;
				TARGETED_DEVICE_FAMILY = "1,2";
			};
			name = Debug;
		};
		B3D29C3528F50236006CC77D /* Release */ = {
			isa = XCBuildConfiguration;
			buildSettings = {
				CODE_SIGN_STYLE = Automatic;
				CURRENT_PROJECT_VERSION = 1;
				DEVELOPMENT_TEAM = RXL7292WR8;
				GENERATE_INFOPLIST_FILE = YES;
				MARKETING_VERSION = 1.0;
				PRODUCT_BUNDLE_IDENTIFIER = com.boycees.RoutineRepositoryTests;
				PRODUCT_NAME = "$(TARGET_NAME)";
				SDKROOT = macosx;
				SUPPORTED_PLATFORMS = "macosx iphonesimulator iphoneos";
				SWIFT_EMIT_LOC_STRINGS = NO;
				SWIFT_VERSION = 5.0;
				TARGETED_DEVICE_FAMILY = "1,2";
			};
			name = Release;
		};
/* End XCBuildConfiguration section */

/* Begin XCConfigurationList section */
		B32CADF628FEF53D00B154BD /* Build configuration list for PBXNativeTarget "RoutineRepositoryCacheIntegrationTests" */ = {
			isa = XCConfigurationList;
			buildConfigurations = (
				B32CADF428FEF53D00B154BD /* Debug */,
				B32CADF528FEF53D00B154BD /* Release */,
			);
			defaultConfigurationIsVisible = 0;
			defaultConfigurationName = Release;
		};
		B32CAE1028FF4A2F00B154BD /* Build configuration list for PBXNativeTarget "LiftMeRoutinesiOS" */ = {
			isa = XCConfigurationList;
			buildConfigurations = (
				B32CAE1128FF4A2F00B154BD /* Debug */,
				B32CAE1228FF4A2F00B154BD /* Release */,
			);
			defaultConfigurationIsVisible = 0;
			defaultConfigurationName = Release;
		};
		B32CAE1328FF4A2F00B154BD /* Build configuration list for PBXNativeTarget "LiftMeRoutinesiOSTests" */ = {
			isa = XCConfigurationList;
			buildConfigurations = (
				B32CAE1428FF4A2F00B154BD /* Debug */,
				B32CAE1528FF4A2F00B154BD /* Release */,
			);
			defaultConfigurationIsVisible = 0;
			defaultConfigurationName = Release;
		};
		B3D29BD728F12746006CC77D /* Build configuration list for PBXProject "RoutineRepository" */ = {
			isa = XCConfigurationList;
			buildConfigurations = (
				B3D29BEF28F12746006CC77D /* Debug */,
				B3D29BF028F12746006CC77D /* Release */,
			);
			defaultConfigurationIsVisible = 0;
			defaultConfigurationName = Release;
		};
		B3D29BF128F12746006CC77D /* Build configuration list for PBXNativeTarget "RoutineRepository" */ = {
			isa = XCConfigurationList;
			buildConfigurations = (
				B3D29BF228F12746006CC77D /* Debug */,
				B3D29BF328F12746006CC77D /* Release */,
			);
			defaultConfigurationIsVisible = 0;
			defaultConfigurationName = Release;
		};
		B3D29C3328F50236006CC77D /* Build configuration list for PBXNativeTarget "RoutineRepositoryTests" */ = {
			isa = XCConfigurationList;
			buildConfigurations = (
				B3D29C3428F50236006CC77D /* Debug */,
				B3D29C3528F50236006CC77D /* Release */,
			);
			defaultConfigurationIsVisible = 0;
			defaultConfigurationName = Release;
		};
/* End XCConfigurationList section */

/* Begin XCVersionGroup section */
		B3D29C6828F71A3F006CC77D /* RoutineStore.xcdatamodeld */ = {
			isa = XCVersionGroup;
			children = (
				B3D29C6928F71A3F006CC77D /* RoutineStore.xcdatamodel */,
			);
			currentVersion = B3D29C6928F71A3F006CC77D /* RoutineStore.xcdatamodel */;
			path = RoutineStore.xcdatamodeld;
			sourceTree = "<group>";
			versionGroupType = wrapper.xcdatamodel;
		};
/* End XCVersionGroup section */
	};
	rootObject = B3D29BD428F12746006CC77D /* Project object */;
}
