<?xml version="1.0" encoding="UTF-8"?>
<Scheme
   LastUpgradeVersion = "1320"
   version = "1.3">
   <BuildAction
      parallelizeBuildables = "YES"
      buildImplicitDependencies = "YES">
      <BuildActionEntries>
         <BuildActionEntry
            buildForTesting = "YES"
            buildForRunning = "YES"
            buildForProfiling = "YES"
            buildForArchiving = "YES"
            buildForAnalyzing = "YES">
            <BuildableReference
               BuildableIdentifier = "primary"
               BlueprintIdentifier = "B3D29BDC28F12746006CC77D"
               BuildableName = "RoutineRepository.framework"
               BlueprintName = "RoutineRepository"
               ReferencedContainer = "container:RoutineRepository.xcodeproj">
            </BuildableReference>
         </BuildActionEntry>
      </BuildActionEntries>
   </BuildAction>
   <TestAction
      buildConfiguration = "Debug"
      selectedDebuggerIdentifier = "Xcode.DebuggerFoundation.Debugger.LLDB"
      selectedLauncherIdentifier = "Xcode.DebuggerFoundation.Launcher.LLDB"
      shouldUseLaunchSchemeArgsEnv = "YES"
      codeCoverageEnabled = "YES"
      onlyGenerateCoverageForSpecifiedTargets = "YES">
      <CodeCoverageTargets>
         <BuildableReference
            BuildableIdentifier = "primary"
            BlueprintIdentifier = "B3D29BDC28F12746006CC77D"
            BuildableName = "RoutineRepository.framework"
            BlueprintName = "RoutineRepository"
            ReferencedContainer = "container:RoutineRepository.xcodeproj">
         </BuildableReference>
         <BuildableReference
            BuildableIdentifier = "primary"
            BlueprintIdentifier = "B32CADFE28FF4A2F00B154BD"
            BuildableName = "LiftMeRoutinesiOS.framework"
            BlueprintName = "LiftMeRoutinesiOS"
            ReferencedContainer = "container:RoutineRepository.xcodeproj">
         </BuildableReference>
         <BuildableReference
            BuildableIdentifier = "primary"
            BlueprintIdentifier = "B3A854882908D48300F04CC1"
            BuildableName = "LiftMeApp.app"
            BlueprintName = "LiftMeApp"
            ReferencedContainer = "container:../LiftMeApp/LiftMeApp.xcodeproj">
         </BuildableReference>
      </CodeCoverageTargets>
      <Testables>
         <TestableReference
            skipped = "NO"
            testExecutionOrdering = "random">
            <BuildableReference
               BuildableIdentifier = "primary"
               BlueprintIdentifier = "B3D29C2B28F50236006CC77D"
               BuildableName = "RoutineRepositoryTests.xctest"
               BlueprintName = "RoutineRepositoryTests"
               ReferencedContainer = "container:RoutineRepository.xcodeproj">
            </BuildableReference>
         </TestableReference>
         <TestableReference
            skipped = "NO"
            testExecutionOrdering = "random">
            <BuildableReference
               BuildableIdentifier = "primary"
               BlueprintIdentifier = "B32CADEC28FEF53D00B154BD"
               BuildableName = "RoutineRepositoryCacheIntegrationTests.xctest"
               BlueprintName = "RoutineRepositoryCacheIntegrationTests"
               ReferencedContainer = "container:RoutineRepository.xcodeproj">
            </BuildableReference>
         </TestableReference>
         <TestableReference
            skipped = "NO"
            testExecutionOrdering = "random">
            <BuildableReference
               BuildableIdentifier = "primary"
               BlueprintIdentifier = "B32CAE0728FF4A2F00B154BD"
               BuildableName = "LiftMeRoutinesiOSTests.xctest"
               BlueprintName = "LiftMeRoutinesiOSTests"
               ReferencedContainer = "container:RoutineRepository.xcodeproj">
            </BuildableReference>
         </TestableReference>
         <TestableReference
            skipped = "NO"
            testExecutionOrdering = "random">
            <BuildableReference
               BuildableIdentifier = "primary"
               BlueprintIdentifier = "B3A854982908D48500F04CC1"
               BuildableName = "LiftMeAppTests.xctest"
               BlueprintName = "LiftMeAppTests"
               ReferencedContainer = "container:../LiftMeApp/LiftMeApp.xcodeproj">
            </BuildableReference>
         </TestableReference>
      </Testables>
   </TestAction>
   <LaunchAction
      buildConfiguration = "Debug"
      selectedDebuggerIdentifier = "Xcode.DebuggerFoundation.Debugger.LLDB"
      selectedLauncherIdentifier = "Xcode.DebuggerFoundation.Launcher.LLDB"
      launchStyle = "0"
      useCustomWorkingDirectory = "NO"
      ignoresPersistentStateOnLaunch = "NO"
      debugDocumentVersioning = "YES"
      debugServiceExtension = "internal"
      allowLocationSimulation = "YES">
   </LaunchAction>
   <ProfileAction
      buildConfiguration = "Release"
      shouldUseLaunchSchemeArgsEnv = "YES"
      savedToolIdentifier = ""
      useCustomWorkingDirectory = "NO"
      debugDocumentVersioning = "YES">
      <MacroExpansion>
         <BuildableReference
            BuildableIdentifier = "primary"
            BlueprintIdentifier = "B3D29BDC28F12746006CC77D"
            BuildableName = "RoutineRepository.framework"
            BlueprintName = "RoutineRepository"
            ReferencedContainer = "container:RoutineRepository.xcodeproj">
         </BuildableReference>
      </MacroExpansion>
   </ProfileAction>
   <AnalyzeAction
      buildConfiguration = "Debug">
   </AnalyzeAction>
   <ArchiveAction
      buildConfiguration = "Release"
      revealArchiveInOrganizer = "YES">
   </ArchiveAction>
</Scheme>
