{
  "pins" : [
    {
      "identity" : "navigation-flow",
      "kind" : "remoteSourceControl",
      "location" : "https://github.com/boyceEstes/navigation-flow.git",
      "state" : {
        "branch" : "main",
        "revision" : "f7a342ea67674300767da1631e6c6e1ad3717da4"
      }
    },
    {
      "identity" : "viewinspector",
      "kind" : "remoteSourceControl",
      "location" : "https://github.com/nalexn/ViewInspector",
      "state" : {
        "revision" : "ac7df67c4e0593470eda90a550f8493a81609745",
        "version" : "0.9.2"
      }
    }
  ],
  "version" : 2
}
