{
  "pins" : [
    {
      "identity" : "navigation-flow",
      "kind" : "remoteSourceControl",
      "location" : "https://github.com/boyceEstes/navigation-flow.git",
      "state" : {
        "branch" : "main",
        "revision" : "8328ea972a95af143c3698fe453df700d62d01b1"
      }
    },
    {
      "identity" : "utility-me",
      "kind" : "remoteSourceControl",
      "location" : "https://github.com/boyceEstes/utility-me",
      "state" : {
        "branch" : "main",
        "revision" : "7016b44c59c4a2a59075847b69b20cdb5aff92f6"
      }
    },
    {
      "identity" : "viewinspector",
      "kind" : "remoteSourceControl",
      "location" : "https://github.com/nalexn/ViewInspector",
      "state" : {
        "revision" : "e42529aa0b6ff57393ab52540f6006f3a709ee00",
        "version" : "0.9.6"
      }
    }
  ],
  "version" : 2
}
