{
  "pins" : [
    {
      "identity" : "utility-me",
      "kind" : "remoteSourceControl",
      "location" : "https://github.com/boyceEstes/utility-me",
      "state" : {
        "branch" : "main",
        "revision" : "83cb16b79108daad9005d89c24d71d282534f8fc"
      }
    },
    {
      "identity" : "viewinspector",
      "kind" : "remoteSourceControl",
      "location" : "https://github.com/nalexn/ViewInspector",
      "state" : {
        "revision" : "f8a994374b9eff1d92046f3d759654f527495045",
        "version" : "0.9.7"
      }
    }
  ],
  "version" : 2
}
